PODS:
  - AFNetworking/NSURLSession (3.2.1):
    - AFNetworking/Reachability
    - AFNetworking/Security
    - AFNetworking/Serialization
  - AFNetworking/Reachability (3.2.1)
  - AFNetworking/Security (3.2.1)
  - AFNetworking/Serialization (3.2.1)
  - Analytics (3.6.10)
  - FLAnimatedImage (1.0.12)
  - JSQMessagesViewController (7.3.5):
    - JSQSystemSoundPlayer (~> 2.0.1)
  - JSQSystemSoundPlayer (2.0.1)
  - JVFloatLabeledTextField (1.2.1)
  - Mantle (2.1.0):
    - Mantle/extobjc (= 2.1.0)
  - Mantle/extobjc (2.1.0)
  - MGSwipeTableCell (1.6.8)
  - SBObjectiveCWrapper (1.4.0):
    - SwiftyBeaver (~> 1.4.0)
  - SDWebImage/Core (4.4.7)
  - SDWebImage/GIF (4.4.7):
    - FLAnimatedImage (~> 1.0)
    - SDWebImage/Core
  - Shimmer (1.0.2)
  - Socket.IO-Client-Swift (15.1.0):
    - Starscream (~> 3.1)
  - Starscream (3.1.0)
  - SwiftyBeaver (1.4.4)
  - ZingleSDK (1.1.0):
    - AFNetworking/NSURLSession
    - Analytics (~> 3.0)
    - JSQMessagesViewController
    - JVFloatLabeledTextField
    - Mantle
    - MGSwipeTableCell
    - SBObjectiveCWrapper
    - SDWebImage/GIF
    - Shimmer
    - Socket.IO-Client-Swift

DEPENDENCIES:
  - ZingleSDK (from `../`)

SPEC REPOS:
  https://github.com/cocoapods/specs.git:
    - AFNetworking
    - Analytics
    - FLAnimatedImage
    - JSQMessagesViewController
    - JSQSystemSoundPlayer
    - JVFloatLabeledTextField
    - Mantle
    - MGSwipeTableCell
    - SBObjectiveCWrapper
    - SDWebImage
    - Shimmer
    - Socket.IO-Client-Swift
    - Starscream
    - SwiftyBeaver

EXTERNAL SOURCES:
  ZingleSDK:
    :path: "../"

SPEC CHECKSUMS:
  AFNetworking: b6f891fdfaed196b46c7a83cf209e09697b94057
  Analytics: 63744ad4afa65c3bcdcdb7a94b62515bde5b3900
  FLAnimatedImage: 4a0b56255d9b05f18b6dd7ee06871be5d3b89e31
  JSQMessagesViewController: 6587f56aedbcb150a8ba1d968e1ef58b1bc758b7
  JSQSystemSoundPlayer: c5850e77a4363ffd374cd851154b9af93264ed8d
  JVFloatLabeledTextField: cfc44e3c4d493b2ed92ede8035e8e89c2912ba64
  Mantle: 2fa750afa478cd625a94230fbf1c13462f29395b
  MGSwipeTableCell: dc4eca3212ed38a563b27d6aa7b3c01ce656c1e2
  SBObjectiveCWrapper: 854ea56b37cd0031af2b1d6e12c2f965fc4ff86d
  SDWebImage: c10d14a8883ebd89664f02a422006f66a85c0c5d
  Shimmer: c5374be1c2b0c9e292fb05b339a513cf291cac86
  Socket.IO-Client-Swift: 7cb44c0ffb86e158cee32d0642d30ec5fdcf8f61
  Starscream: 08172b481e145289c4930cb567230fb55897cfa4
  SwiftyBeaver: 25bd76281f49ca989ec2e3cbde9af89c15bc1432
  ZingleSDK: d1322b8507a756e65b45771a90c94d669eaca8fc

PODFILE CHECKSUM: 3098c657b2bfeb8114422c12164d970634fc08fa

COCOAPODS: 1.7.3
