PODS:
  - AFNetworking/NSURLSession (4.0.1):
    - AFNetworking/Reachability
    - AFNetworking/Security
    - AFNetworking/Serialization
  - AFNetworking/Reachability (4.0.1)
  - AFNetworking/Security (4.0.1)
  - AFNetworking/Serialization (4.0.1)
  - Analytics (3.6.10)
  - JSQMessagesViewController (7.3.5):
    - JSQMessagesViewController/include-cell-xibs (= 7.3.5)
    - JSQSystemSoundPlayer (~> 2.0.1)
  - JSQMessagesViewController/core-resources (7.3.5):
    - JSQSystemSoundPlayer (~> 2.0.1)
  - JSQMessagesViewController/include-cell-xibs (7.3.5):
    - JSQMessagesViewController/xibs-without-cells
    - JSQSystemSoundPlayer (~> 2.0.1)
  - JSQMessagesViewController/xibs-without-cells (7.3.5):
    - JSQMessagesViewController/core-resources
    - JSQSystemSoundPlayer (~> 2.0.1)
  - JSQSystemSoundPlayer (2.0.1)
  - JVFloatLabeledTextField (1.2.1)
  - Mantle (2.1.0):
    - Mantle/extobjc (= 2.1.0)
  - Mantle/extobjc (2.1.0)
  - MGSwipeTableCell (1.6.8)
  - SBObjectiveCWrapper (1.4.0):
    - SwiftyBeaver (~> 1.4.0)
  - SDWebImage (5.2.3):
    - SDWebImage/Core (= 5.2.3)
  - SDWebImage/Core (5.2.3)
  - Shimmer (1.0.2)
  - Socket.IO-Client-Swift (15.1.0):
    - Starscream (~> 3.1)
  - Starscream (3.1.0)
  - SwiftyBeaver (1.4.4)
  - ZingleSDK (1.1.0):
    - AFNetworking/NSURLSession (~> 4)
    - Analytics (~> 3.0)
    - JSQMessagesViewController/xibs-without-cells
    - JVFloatLabeledTextField
    - Mantle
    - MGSwipeTableCell
    - SBObjectiveCWrapper
    - SDWebImage (~> 5.0)
    - Shimmer
    - Socket.IO-Client-Swift (~> 15)

DEPENDENCIES:
  - JSQMessagesViewController (from `JSQMessagesViewController`)
  - ZingleSDK (from `../`)

SPEC REPOS:
  https://github.com/CocoaPods/Specs.git:
    - AFNetworking
    - Analytics
    - JSQSystemSoundPlayer
    - JVFloatLabeledTextField
    - Mantle
    - MGSwipeTableCell
    - SBObjectiveCWrapper
    - SDWebImage
    - Shimmer
    - Socket.IO-Client-Swift
    - Starscream
    - SwiftyBeaver

EXTERNAL SOURCES:
  JSQMessagesViewController:
    :path: JSQMessagesViewController
  ZingleSDK:
    :path: "../"

SPEC CHECKSUMS:
  AFNetworking: 7864c38297c79aaca1500c33288e429c3451fdce
  Analytics: 63744ad4afa65c3bcdcdb7a94b62515bde5b3900
  JSQMessagesViewController: b0b7d079f4e5acc0809ec49ea65fad6c7501235a
  JSQSystemSoundPlayer: c5850e77a4363ffd374cd851154b9af93264ed8d
  JVFloatLabeledTextField: cfc44e3c4d493b2ed92ede8035e8e89c2912ba64
  Mantle: 2fa750afa478cd625a94230fbf1c13462f29395b
  MGSwipeTableCell: dc4eca3212ed38a563b27d6aa7b3c01ce656c1e2
  SBObjectiveCWrapper: 854ea56b37cd0031af2b1d6e12c2f965fc4ff86d
  SDWebImage: 46a7f73228f84ce80990c786e4372cf4db5875ce
  Shimmer: c5374be1c2b0c9e292fb05b339a513cf291cac86
  Socket.IO-Client-Swift: 7cb44c0ffb86e158cee32d0642d30ec5fdcf8f61
  Starscream: 08172b481e145289c4930cb567230fb55897cfa4
  SwiftyBeaver: 25bd76281f49ca989ec2e3cbde9af89c15bc1432
  ZingleSDK: acc345a57bd117288faa6c136e39df70fb7838ae

PODFILE CHECKSUM: 4acf5554cb6d894601667ecb2a86f2c0707c353e

COCOAPODS: 1.9.3
