PODS:
  - AFNetworking (3.1.0):
    - AFNetworking/NSURLSession (= 3.1.0)
    - AFNetworking/Reachability (= 3.1.0)
    - AFNetworking/Security (= 3.1.0)
    - AFNetworking/Serialization (= 3.1.0)
    - AFNetworking/UIKit (= 3.1.0)
  - AFNetworking/NSURLSession (3.1.0):
    - AFNetworking/Reachability
    - AFNetworking/Security
    - AFNetworking/Serialization
  - AFNetworking/Reachability (3.1.0)
  - AFNetworking/Security (3.1.0)
  - AFNetworking/Serialization (3.1.0)
  - AFNetworking/UIKit (3.1.0):
    - AFNetworking/NSURLSession
  - Analytics (3.6.4)
  - CocoaLumberjack (2.3.0):
    - CocoaLumberjack/Default (= 2.3.0)
    - CocoaLumberjack/Extensions (= 2.3.0)
  - CocoaLumberjack/Core (2.3.0)
  - CocoaLumberjack/Default (2.3.0):
    - CocoaLumberjack/Core
  - CocoaLumberjack/Extensions (2.3.0):
    - CocoaLumberjack/Default
  - FLAnimatedImage (1.0.12)
  - JSQMessagesViewController (7.3.4):
    - JSQSystemSoundPlayer (~> 2.0.1)
  - JSQSystemSoundPlayer (2.0.1)
  - JVFloatLabeledTextField (1.2.0)
  - Mantle (2.1.0):
    - Mantle/extobjc (= 2.1.0)
  - Mantle/extobjc (2.1.0)
  - MGSwipeTableCell (1.5.6)
  - SDWebImage/Core (4.0.0)
  - SDWebImage/GIF (4.0.0):
    - FLAnimatedImage (~> 1.0)
    - SDWebImage/Core
  - Shimmer (1.0.2)
  - Socket.IO-Client-Swift (11.0.0):
    - StarscreamSocketIO (~> 8.0.1)
  - StarscreamSocketIO (8.0.1)
  - ZingleSDK (1.1.0):
    - AFNetworking
    - Analytics (~> 3.0)
    - CocoaLumberjack (= 2.3)
    - JSQMessagesViewController
    - JVFloatLabeledTextField
    - Mantle
    - MGSwipeTableCell
    - SDWebImage/GIF
    - Shimmer
    - Socket.IO-Client-Swift

DEPENDENCIES:
  - ZingleSDK (from `../`)

EXTERNAL SOURCES:
  ZingleSDK:
    :path: ../

SPEC CHECKSUMS:
  AFNetworking: 5e0e199f73d8626b11e79750991f5d173d1f8b67
  Analytics: a24b6b80f9f16dfb69aac605da5c3854bdfb328a
  CocoaLumberjack: 97fab7ee5f507fe54445cca7ea80f926729cfd15
  FLAnimatedImage: 4a0b56255d9b05f18b6dd7ee06871be5d3b89e31
  JSQMessagesViewController: 39fed975e3c9f8eba7292071e29eeb541d105e66
  JSQSystemSoundPlayer: c5850e77a4363ffd374cd851154b9af93264ed8d
  JVFloatLabeledTextField: 96c0c1b6739001801340d25b86aff990d67c4181
  Mantle: 2fa750afa478cd625a94230fbf1c13462f29395b
  MGSwipeTableCell: 616700eb0ffd1c611ba909066cb7fd739790a0a7
  SDWebImage: 76a6348bdc74eb5a55dd08a091ef298e56b55e41
  Shimmer: c5374be1c2b0c9e292fb05b339a513cf291cac86
  Socket.IO-Client-Swift: 9cafa4459be23886c231942baeebb0df94f3989e
  StarscreamSocketIO: 821a1a2597cc4735919fd5d7683a85c14b81bb8c
  ZingleSDK: e55136881aec458ae98eb33d1a826fcdd792a9b4

PODFILE CHECKSUM: d52c63cf1a3b6dddb838e7b242fdc4dabf8e34dd

COCOAPODS: 1.2.0
