// !$*UTF8*$!
{
	archiveVersion = 1;
	classes = {
	};
	objectVersion = 46;
	objects = {

/* Begin PBXBuildFile section */
		CED2FD311BDD87A2007294FB /* main.m in Sources */ = {isa = PBXBuildFile; fileRef = CED2FD301BDD87A2007294FB /* main.m */; };
		CED2FD341BDD87A2007294FB /* AppDelegate.m in Sources */ = {isa = PBXBuildFile; fileRef = CED2FD331BDD87A2007294FB /* AppDelegate.m */; };
		CED2FD371BDD87A2007294FB /* ViewController.m in Sources */ = {isa = PBXBuildFile; fileRef = CED2FD361BDD87A2007294FB /* ViewController.m */; };
		CED2FD3A1BDD87A2007294FB /* Main.storyboard in Resources */ = {isa = PBXBuildFile; fileRef = CED2FD381BDD87A2007294FB /* Main.storyboard */; };
		CED2FD3C1BDD87A2007294FB /* Assets.xcassets in Resources */ = {isa = PBXBuildFile; fileRef = CED2FD3B1BDD87A2007294FB /* Assets.xcassets */; };
		CED2FD3F1BDD87A2007294FB /* LaunchScreen.storyboard in Resources */ = {isa = PBXBuildFile; fileRef = CED2FD3D1BDD87A2007294FB /* LaunchScreen.storyboard */; };
		CED2FDB31BDD8C92007294FB /* CJSONDeserializer.m in Sources */ = {isa = PBXBuildFile; fileRef = CED2FD501BDD8C92007294FB /* CJSONDeserializer.m */; settings = {ASSET_TAGS = (); }; };
		CED2FDB41BDD8C92007294FB /* CJSONSerializer.m in Sources */ = {isa = PBXBuildFile; fileRef = CED2FD521BDD8C92007294FB /* CJSONSerializer.m */; settings = {ASSET_TAGS = (); }; };
		CED2FDB51BDD8C92007294FB /* NSDictionary_JSONExtensions.m in Sources */ = {isa = PBXBuildFile; fileRef = CED2FD551BDD8C92007294FB /* NSDictionary_JSONExtensions.m */; settings = {ASSET_TAGS = (); }; };
		CED2FDB61BDD8C92007294FB /* NSMutableDictionary+json.m in Sources */ = {isa = PBXBuildFile; fileRef = CED2FD571BDD8C92007294FB /* NSMutableDictionary+json.m */; settings = {ASSET_TAGS = (); }; };
		CED2FDB71BDD8C92007294FB /* ZingleDAO.m in Sources */ = {isa = PBXBuildFile; fileRef = CED2FD5B1BDD8C92007294FB /* ZingleDAO.m */; settings = {ASSET_TAGS = (); }; };
		CED2FDB81BDD8C92007294FB /* ZingleDAOResponse.m in Sources */ = {isa = PBXBuildFile; fileRef = CED2FD5D1BDD8C92007294FB /* ZingleDAOResponse.m */; settings = {ASSET_TAGS = (); }; };
		CED2FDB91BDD8C92007294FB /* ZingleError.m in Sources */ = {isa = PBXBuildFile; fileRef = CED2FD601BDD8C92007294FB /* ZingleError.m */; settings = {ASSET_TAGS = (); }; };
		CED2FDBA1BDD8C92007294FB /* ZingleModel.m in Sources */ = {isa = PBXBuildFile; fileRef = CED2FD631BDD8C92007294FB /* ZingleModel.m */; settings = {ASSET_TAGS = (); }; };
		CED2FDBB1BDD8C92007294FB /* ZNGAccount.m in Sources */ = {isa = PBXBuildFile; fileRef = CED2FD651BDD8C92007294FB /* ZNGAccount.m */; settings = {ASSET_TAGS = (); }; };
		CED2FDBC1BDD8C92007294FB /* ZNGAddress.m in Sources */ = {isa = PBXBuildFile; fileRef = CED2FD671BDD8C92007294FB /* ZNGAddress.m */; settings = {ASSET_TAGS = (); }; };
		CED2FDBD1BDD8C92007294FB /* ZNGAutomation.m in Sources */ = {isa = PBXBuildFile; fileRef = CED2FD691BDD8C92007294FB /* ZNGAutomation.m */; settings = {ASSET_TAGS = (); }; };
		CED2FDBE1BDD8C92007294FB /* ZNGAvailablePhoneNumber.m in Sources */ = {isa = PBXBuildFile; fileRef = CED2FD6B1BDD8C92007294FB /* ZNGAvailablePhoneNumber.m */; settings = {ASSET_TAGS = (); }; };
		CED2FDBF1BDD8C92007294FB /* ZNGChannel.m in Sources */ = {isa = PBXBuildFile; fileRef = CED2FD6D1BDD8C92007294FB /* ZNGChannel.m */; settings = {ASSET_TAGS = (); }; };
		CED2FDC01BDD8C92007294FB /* ZNGChannelType.m in Sources */ = {isa = PBXBuildFile; fileRef = CED2FD6F1BDD8C92007294FB /* ZNGChannelType.m */; settings = {ASSET_TAGS = (); }; };
		CED2FDC11BDD8C92007294FB /* ZNGContact.m in Sources */ = {isa = PBXBuildFile; fileRef = CED2FD711BDD8C92007294FB /* ZNGContact.m */; settings = {ASSET_TAGS = (); }; };
		CED2FDC21BDD8C92007294FB /* ZNGContactChannel.m in Sources */ = {isa = PBXBuildFile; fileRef = CED2FD731BDD8C92007294FB /* ZNGContactChannel.m */; settings = {ASSET_TAGS = (); }; };
		CED2FDC31BDD8C92007294FB /* ZNGConversation.m in Sources */ = {isa = PBXBuildFile; fileRef = CED2FD751BDD8C92007294FB /* ZNGConversation.m */; settings = {ASSET_TAGS = (); }; };
		CED2FDC41BDD8C92007294FB /* ZNGCustomField.m in Sources */ = {isa = PBXBuildFile; fileRef = CED2FD771BDD8C92007294FB /* ZNGCustomField.m */; settings = {ASSET_TAGS = (); }; };
		CED2FDC51BDD8C92007294FB /* ZNGCustomFieldOption.m in Sources */ = {isa = PBXBuildFile; fileRef = CED2FD791BDD8C92007294FB /* ZNGCustomFieldOption.m */; settings = {ASSET_TAGS = (); }; };
		CED2FDC61BDD8C92007294FB /* ZNGCustomFieldValue.m in Sources */ = {isa = PBXBuildFile; fileRef = CED2FD7B1BDD8C92007294FB /* ZNGCustomFieldValue.m */; settings = {ASSET_TAGS = (); }; };
		CED2FDC71BDD8C92007294FB /* ZNGLabel.m in Sources */ = {isa = PBXBuildFile; fileRef = CED2FD7D1BDD8C92007294FB /* ZNGLabel.m */; settings = {ASSET_TAGS = (); }; };
		CED2FDC81BDD8C92007294FB /* ZNGMessage.m in Sources */ = {isa = PBXBuildFile; fileRef = CED2FD7F1BDD8C92007294FB /* ZNGMessage.m */; settings = {ASSET_TAGS = (); }; };
		CED2FDC91BDD8C92007294FB /* ZNGMessageAttachment.m in Sources */ = {isa = PBXBuildFile; fileRef = CED2FD811BDD8C92007294FB /* ZNGMessageAttachment.m */; settings = {ASSET_TAGS = (); }; };
		CED2FDCA1BDD8C92007294FB /* ZNGMessageCorrespondent.m in Sources */ = {isa = PBXBuildFile; fileRef = CED2FD831BDD8C92007294FB /* ZNGMessageCorrespondent.m */; settings = {ASSET_TAGS = (); }; };
		CED2FDCB1BDD8C92007294FB /* ZNGPlan.m in Sources */ = {isa = PBXBuildFile; fileRef = CED2FD851BDD8C92007294FB /* ZNGPlan.m */; settings = {ASSET_TAGS = (); }; };
		CED2FDCC1BDD8C92007294FB /* ZNGService.m in Sources */ = {isa = PBXBuildFile; fileRef = CED2FD871BDD8C92007294FB /* ZNGService.m */; settings = {ASSET_TAGS = (); }; };
		CED2FDCD1BDD8C92007294FB /* ZNGServiceChannel.m in Sources */ = {isa = PBXBuildFile; fileRef = CED2FD891BDD8C92007294FB /* ZNGServiceChannel.m */; settings = {ASSET_TAGS = (); }; };
		CED2FDCE1BDD8C92007294FB /* ZingleModelSearch.m in Sources */ = {isa = PBXBuildFile; fileRef = CED2FD8C1BDD8C92007294FB /* ZingleModelSearch.m */; settings = {ASSET_TAGS = (); }; };
		CED2FDCF1BDD8C92007294FB /* ZNGAccountSearch.m in Sources */ = {isa = PBXBuildFile; fileRef = CED2FD8E1BDD8C92007294FB /* ZNGAccountSearch.m */; settings = {ASSET_TAGS = (); }; };
		CED2FDD01BDD8C92007294FB /* ZNGAutomationSearch.m in Sources */ = {isa = PBXBuildFile; fileRef = CED2FD901BDD8C92007294FB /* ZNGAutomationSearch.m */; settings = {ASSET_TAGS = (); }; };
		CED2FDD11BDD8C92007294FB /* ZNGAvailablePhoneNumberSearch.m in Sources */ = {isa = PBXBuildFile; fileRef = CED2FD921BDD8C92007294FB /* ZNGAvailablePhoneNumberSearch.m */; settings = {ASSET_TAGS = (); }; };
		CED2FDD21BDD8C92007294FB /* ZNGContactCustomFieldSearch.m in Sources */ = {isa = PBXBuildFile; fileRef = CED2FD941BDD8C92007294FB /* ZNGContactCustomFieldSearch.m */; settings = {ASSET_TAGS = (); }; };
		CED2FDD31BDD8C92007294FB /* ZNGContactSearch.m in Sources */ = {isa = PBXBuildFile; fileRef = CED2FD961BDD8C92007294FB /* ZNGContactSearch.m */; settings = {ASSET_TAGS = (); }; };
		CED2FDD41BDD8C92007294FB /* ZNGLabelSearch.m in Sources */ = {isa = PBXBuildFile; fileRef = CED2FD981BDD8C92007294FB /* ZNGLabelSearch.m */; settings = {ASSET_TAGS = (); }; };
		CED2FDD51BDD8C92007294FB /* ZNGMessageSearch.m in Sources */ = {isa = PBXBuildFile; fileRef = CED2FD9A1BDD8C92007294FB /* ZNGMessageSearch.m */; settings = {ASSET_TAGS = (); }; };
		CED2FDD61BDD8C92007294FB /* ZNGPlanSearch.m in Sources */ = {isa = PBXBuildFile; fileRef = CED2FD9C1BDD8C92007294FB /* ZNGPlanSearch.m */; settings = {ASSET_TAGS = (); }; };
		CED2FDD71BDD8C92007294FB /* ZNGServiceSearch.m in Sources */ = {isa = PBXBuildFile; fileRef = CED2FD9E1BDD8C92007294FB /* ZNGServiceSearch.m */; settings = {ASSET_TAGS = (); }; };
		CED2FDD81BDD8C92007294FB /* ZNGServiceSettingsSearch.m in Sources */ = {isa = PBXBuildFile; fileRef = CED2FDA01BDD8C92007294FB /* ZNGServiceSettingsSearch.m */; settings = {ASSET_TAGS = (); }; };
		CED2FDD91BDD8C92007294FB /* ZNGTimeZoneSearch.m in Sources */ = {isa = PBXBuildFile; fileRef = CED2FDA21BDD8C92007294FB /* ZNGTimeZoneSearch.m */; settings = {ASSET_TAGS = (); }; };
		CED2FDDA1BDD8C92007294FB /* ZNGWebServiceLogSearch.m in Sources */ = {isa = PBXBuildFile; fileRef = CED2FDA41BDD8C92007294FB /* ZNGWebServiceLogSearch.m */; settings = {ASSET_TAGS = (); }; };
		CED2FDDB1BDD8C92007294FB /* ZingleSDK.m in Sources */ = {isa = PBXBuildFile; fileRef = CED2FDA61BDD8C92007294FB /* ZingleSDK.m */; settings = {ASSET_TAGS = (); }; };
		CED2FDDC1BDD8C92007294FB /* ZNGArrowView.m in Sources */ = {isa = PBXBuildFile; fileRef = CED2FDA91BDD8C92007294FB /* ZNGArrowView.m */; settings = {ASSET_TAGS = (); }; };
		CED2FDDD1BDD8C92007294FB /* ZNGConversationViewController.m in Sources */ = {isa = PBXBuildFile; fileRef = CED2FDAB1BDD8C92007294FB /* ZNGConversationViewController.m */; settings = {ASSET_TAGS = (); }; };
		CED2FDDE1BDD8C92007294FB /* ZNGMessageView.m in Sources */ = {isa = PBXBuildFile; fileRef = CED2FDAD1BDD8C92007294FB /* ZNGMessageView.m */; settings = {ASSET_TAGS = (); }; };
		CED2FDDF1BDD8C92007294FB /* ZingleAsyncQuickStart.m in Sources */ = {isa = PBXBuildFile; fileRef = CED2FDB01BDD8C92007294FB /* ZingleAsyncQuickStart.m */; settings = {ASSET_TAGS = (); }; };
		CED2FDE01BDD8C92007294FB /* ZingleSyncQuickStart.m in Sources */ = {isa = PBXBuildFile; fileRef = CED2FDB21BDD8C92007294FB /* ZingleSyncQuickStart.m */; settings = {ASSET_TAGS = (); }; };
		CED2FDE31BDD973B007294FB /* camera.png in Resources */ = {isa = PBXBuildFile; fileRef = CED2FDE21BDD973B007294FB /* camera.png */; settings = {ASSET_TAGS = (); }; };
/* End PBXBuildFile section */

/* Begin PBXFileReference section */
		CED2FD2C1BDD87A2007294FB /* ZingleSDK.app */ = {isa = PBXFileReference; explicitFileType = wrapper.application; includeInIndex = 0; path = ZingleSDK.app; sourceTree = BUILT_PRODUCTS_DIR; };
		CED2FD301BDD87A2007294FB /* main.m */ = {isa = PBXFileReference; lastKnownFileType = sourcecode.c.objc; path = main.m; sourceTree = "<group>"; };
		CED2FD321BDD87A2007294FB /* AppDelegate.h */ = {isa = PBXFileReference; lastKnownFileType = sourcecode.c.h; path = AppDelegate.h; sourceTree = "<group>"; };
		CED2FD331BDD87A2007294FB /* AppDelegate.m */ = {isa = PBXFileReference; lastKnownFileType = sourcecode.c.objc; path = AppDelegate.m; sourceTree = "<group>"; };
		CED2FD351BDD87A2007294FB /* ViewController.h */ = {isa = PBXFileReference; lastKnownFileType = sourcecode.c.h; path = ViewController.h; sourceTree = "<group>"; };
		CED2FD361BDD87A2007294FB /* ViewController.m */ = {isa = PBXFileReference; lastKnownFileType = sourcecode.c.objc; path = ViewController.m; sourceTree = "<group>"; };
		CED2FD391BDD87A2007294FB /* Base */ = {isa = PBXFileReference; lastKnownFileType = file.storyboard; name = Base; path = Base.lproj/Main.storyboard; sourceTree = "<group>"; };
		CED2FD3B1BDD87A2007294FB /* Assets.xcassets */ = {isa = PBXFileReference; lastKnownFileType = folder.assetcatalog; path = Assets.xcassets; sourceTree = "<group>"; };
		CED2FD3E1BDD87A2007294FB /* Base */ = {isa = PBXFileReference; lastKnownFileType = file.storyboard; name = Base; path = Base.lproj/LaunchScreen.storyboard; sourceTree = "<group>"; };
		CED2FD401BDD87A2007294FB /* Info.plist */ = {isa = PBXFileReference; lastKnownFileType = text.plist.xml; path = Info.plist; sourceTree = "<group>"; };
		CED2FD4F1BDD8C92007294FB /* CJSONDeserializer.h */ = {isa = PBXFileReference; fileEncoding = 4; lastKnownFileType = sourcecode.c.h; path = CJSONDeserializer.h; sourceTree = "<group>"; };
		CED2FD501BDD8C92007294FB /* CJSONDeserializer.m */ = {isa = PBXFileReference; fileEncoding = 4; lastKnownFileType = sourcecode.c.objc; path = CJSONDeserializer.m; sourceTree = "<group>"; };
		CED2FD511BDD8C92007294FB /* CJSONSerializer.h */ = {isa = PBXFileReference; fileEncoding = 4; lastKnownFileType = sourcecode.c.h; path = CJSONSerializer.h; sourceTree = "<group>"; };
		CED2FD521BDD8C92007294FB /* CJSONSerializer.m */ = {isa = PBXFileReference; fileEncoding = 4; lastKnownFileType = sourcecode.c.objc; path = CJSONSerializer.m; sourceTree = "<group>"; };
		CED2FD531BDD8C92007294FB /* JSONRepresentation.h */ = {isa = PBXFileReference; fileEncoding = 4; lastKnownFileType = sourcecode.c.h; path = JSONRepresentation.h; sourceTree = "<group>"; };
		CED2FD541BDD8C92007294FB /* NSDictionary_JSONExtensions.h */ = {isa = PBXFileReference; fileEncoding = 4; lastKnownFileType = sourcecode.c.h; path = NSDictionary_JSONExtensions.h; sourceTree = "<group>"; };
		CED2FD551BDD8C92007294FB /* NSDictionary_JSONExtensions.m */ = {isa = PBXFileReference; fileEncoding = 4; lastKnownFileType = sourcecode.c.objc; path = NSDictionary_JSONExtensions.m; sourceTree = "<group>"; };
		CED2FD561BDD8C92007294FB /* NSMutableDictionary+json.h */ = {isa = PBXFileReference; fileEncoding = 4; lastKnownFileType = sourcecode.c.h; path = "NSMutableDictionary+json.h"; sourceTree = "<group>"; };
		CED2FD571BDD8C92007294FB /* NSMutableDictionary+json.m */ = {isa = PBXFileReference; fileEncoding = 4; lastKnownFileType = sourcecode.c.objc; path = "NSMutableDictionary+json.m"; sourceTree = "<group>"; };
		CED2FD5A1BDD8C92007294FB /* ZingleDAO.h */ = {isa = PBXFileReference; fileEncoding = 4; lastKnownFileType = sourcecode.c.h; path = ZingleDAO.h; sourceTree = "<group>"; };
		CED2FD5B1BDD8C92007294FB /* ZingleDAO.m */ = {isa = PBXFileReference; fileEncoding = 4; lastKnownFileType = sourcecode.c.objc; path = ZingleDAO.m; sourceTree = "<group>"; };
		CED2FD5C1BDD8C92007294FB /* ZingleDAOResponse.h */ = {isa = PBXFileReference; fileEncoding = 4; lastKnownFileType = sourcecode.c.h; path = ZingleDAOResponse.h; sourceTree = "<group>"; };
		CED2FD5D1BDD8C92007294FB /* ZingleDAOResponse.m */ = {isa = PBXFileReference; fileEncoding = 4; lastKnownFileType = sourcecode.c.objc; path = ZingleDAOResponse.m; sourceTree = "<group>"; };
		CED2FD5F1BDD8C92007294FB /* ZingleError.h */ = {isa = PBXFileReference; fileEncoding = 4; lastKnownFileType = sourcecode.c.h; path = ZingleError.h; sourceTree = "<group>"; };
		CED2FD601BDD8C92007294FB /* ZingleError.m */ = {isa = PBXFileReference; fileEncoding = 4; lastKnownFileType = sourcecode.c.objc; path = ZingleError.m; sourceTree = "<group>"; };
		CED2FD621BDD8C92007294FB /* ZingleModel.h */ = {isa = PBXFileReference; fileEncoding = 4; lastKnownFileType = sourcecode.c.h; path = ZingleModel.h; sourceTree = "<group>"; };
		CED2FD631BDD8C92007294FB /* ZingleModel.m */ = {isa = PBXFileReference; fileEncoding = 4; lastKnownFileType = sourcecode.c.objc; path = ZingleModel.m; sourceTree = "<group>"; };
		CED2FD641BDD8C92007294FB /* ZNGAccount.h */ = {isa = PBXFileReference; fileEncoding = 4; lastKnownFileType = sourcecode.c.h; path = ZNGAccount.h; sourceTree = "<group>"; };
		CED2FD651BDD8C92007294FB /* ZNGAccount.m */ = {isa = PBXFileReference; fileEncoding = 4; lastKnownFileType = sourcecode.c.objc; path = ZNGAccount.m; sourceTree = "<group>"; };
		CED2FD661BDD8C92007294FB /* ZNGAddress.h */ = {isa = PBXFileReference; fileEncoding = 4; lastKnownFileType = sourcecode.c.h; path = ZNGAddress.h; sourceTree = "<group>"; };
		CED2FD671BDD8C92007294FB /* ZNGAddress.m */ = {isa = PBXFileReference; fileEncoding = 4; lastKnownFileType = sourcecode.c.objc; path = ZNGAddress.m; sourceTree = "<group>"; };
		CED2FD681BDD8C92007294FB /* ZNGAutomation.h */ = {isa = PBXFileReference; fileEncoding = 4; lastKnownFileType = sourcecode.c.h; path = ZNGAutomation.h; sourceTree = "<group>"; };
		CED2FD691BDD8C92007294FB /* ZNGAutomation.m */ = {isa = PBXFileReference; fileEncoding = 4; lastKnownFileType = sourcecode.c.objc; path = ZNGAutomation.m; sourceTree = "<group>"; };
		CED2FD6A1BDD8C92007294FB /* ZNGAvailablePhoneNumber.h */ = {isa = PBXFileReference; fileEncoding = 4; lastKnownFileType = sourcecode.c.h; path = ZNGAvailablePhoneNumber.h; sourceTree = "<group>"; };
		CED2FD6B1BDD8C92007294FB /* ZNGAvailablePhoneNumber.m */ = {isa = PBXFileReference; fileEncoding = 4; lastKnownFileType = sourcecode.c.objc; path = ZNGAvailablePhoneNumber.m; sourceTree = "<group>"; };
		CED2FD6C1BDD8C92007294FB /* ZNGChannel.h */ = {isa = PBXFileReference; fileEncoding = 4; lastKnownFileType = sourcecode.c.h; path = ZNGChannel.h; sourceTree = "<group>"; };
		CED2FD6D1BDD8C92007294FB /* ZNGChannel.m */ = {isa = PBXFileReference; fileEncoding = 4; lastKnownFileType = sourcecode.c.objc; path = ZNGChannel.m; sourceTree = "<group>"; };
		CED2FD6E1BDD8C92007294FB /* ZNGChannelType.h */ = {isa = PBXFileReference; fileEncoding = 4; lastKnownFileType = sourcecode.c.h; path = ZNGChannelType.h; sourceTree = "<group>"; };
		CED2FD6F1BDD8C92007294FB /* ZNGChannelType.m */ = {isa = PBXFileReference; fileEncoding = 4; lastKnownFileType = sourcecode.c.objc; path = ZNGChannelType.m; sourceTree = "<group>"; };
		CED2FD701BDD8C92007294FB /* ZNGContact.h */ = {isa = PBXFileReference; fileEncoding = 4; lastKnownFileType = sourcecode.c.h; path = ZNGContact.h; sourceTree = "<group>"; };
		CED2FD711BDD8C92007294FB /* ZNGContact.m */ = {isa = PBXFileReference; fileEncoding = 4; lastKnownFileType = sourcecode.c.objc; path = ZNGContact.m; sourceTree = "<group>"; };
		CED2FD721BDD8C92007294FB /* ZNGContactChannel.h */ = {isa = PBXFileReference; fileEncoding = 4; lastKnownFileType = sourcecode.c.h; path = ZNGContactChannel.h; sourceTree = "<group>"; };
		CED2FD731BDD8C92007294FB /* ZNGContactChannel.m */ = {isa = PBXFileReference; fileEncoding = 4; lastKnownFileType = sourcecode.c.objc; path = ZNGContactChannel.m; sourceTree = "<group>"; };
		CED2FD741BDD8C92007294FB /* ZNGConversation.h */ = {isa = PBXFileReference; fileEncoding = 4; lastKnownFileType = sourcecode.c.h; path = ZNGConversation.h; sourceTree = "<group>"; };
		CED2FD751BDD8C92007294FB /* ZNGConversation.m */ = {isa = PBXFileReference; fileEncoding = 4; lastKnownFileType = sourcecode.c.objc; path = ZNGConversation.m; sourceTree = "<group>"; };
		CED2FD761BDD8C92007294FB /* ZNGCustomField.h */ = {isa = PBXFileReference; fileEncoding = 4; lastKnownFileType = sourcecode.c.h; path = ZNGCustomField.h; sourceTree = "<group>"; };
		CED2FD771BDD8C92007294FB /* ZNGCustomField.m */ = {isa = PBXFileReference; fileEncoding = 4; lastKnownFileType = sourcecode.c.objc; path = ZNGCustomField.m; sourceTree = "<group>"; };
		CED2FD781BDD8C92007294FB /* ZNGCustomFieldOption.h */ = {isa = PBXFileReference; fileEncoding = 4; lastKnownFileType = sourcecode.c.h; path = ZNGCustomFieldOption.h; sourceTree = "<group>"; };
		CED2FD791BDD8C92007294FB /* ZNGCustomFieldOption.m */ = {isa = PBXFileReference; fileEncoding = 4; lastKnownFileType = sourcecode.c.objc; path = ZNGCustomFieldOption.m; sourceTree = "<group>"; };
		CED2FD7A1BDD8C92007294FB /* ZNGCustomFieldValue.h */ = {isa = PBXFileReference; fileEncoding = 4; lastKnownFileType = sourcecode.c.h; path = ZNGCustomFieldValue.h; sourceTree = "<group>"; };
		CED2FD7B1BDD8C92007294FB /* ZNGCustomFieldValue.m */ = {isa = PBXFileReference; fileEncoding = 4; lastKnownFileType = sourcecode.c.objc; path = ZNGCustomFieldValue.m; sourceTree = "<group>"; };
		CED2FD7C1BDD8C92007294FB /* ZNGLabel.h */ = {isa = PBXFileReference; fileEncoding = 4; lastKnownFileType = sourcecode.c.h; path = ZNGLabel.h; sourceTree = "<group>"; };
		CED2FD7D1BDD8C92007294FB /* ZNGLabel.m */ = {isa = PBXFileReference; fileEncoding = 4; lastKnownFileType = sourcecode.c.objc; path = ZNGLabel.m; sourceTree = "<group>"; };
		CED2FD7E1BDD8C92007294FB /* ZNGMessage.h */ = {isa = PBXFileReference; fileEncoding = 4; lastKnownFileType = sourcecode.c.h; path = ZNGMessage.h; sourceTree = "<group>"; };
		CED2FD7F1BDD8C92007294FB /* ZNGMessage.m */ = {isa = PBXFileReference; fileEncoding = 4; lastKnownFileType = sourcecode.c.objc; path = ZNGMessage.m; sourceTree = "<group>"; };
		CED2FD801BDD8C92007294FB /* ZNGMessageAttachment.h */ = {isa = PBXFileReference; fileEncoding = 4; lastKnownFileType = sourcecode.c.h; path = ZNGMessageAttachment.h; sourceTree = "<group>"; };
		CED2FD811BDD8C92007294FB /* ZNGMessageAttachment.m */ = {isa = PBXFileReference; fileEncoding = 4; lastKnownFileType = sourcecode.c.objc; path = ZNGMessageAttachment.m; sourceTree = "<group>"; };
		CED2FD821BDD8C92007294FB /* ZNGMessageCorrespondent.h */ = {isa = PBXFileReference; fileEncoding = 4; lastKnownFileType = sourcecode.c.h; path = ZNGMessageCorrespondent.h; sourceTree = "<group>"; };
		CED2FD831BDD8C92007294FB /* ZNGMessageCorrespondent.m */ = {isa = PBXFileReference; fileEncoding = 4; lastKnownFileType = sourcecode.c.objc; path = ZNGMessageCorrespondent.m; sourceTree = "<group>"; };
		CED2FD841BDD8C92007294FB /* ZNGPlan.h */ = {isa = PBXFileReference; fileEncoding = 4; lastKnownFileType = sourcecode.c.h; path = ZNGPlan.h; sourceTree = "<group>"; };
		CED2FD851BDD8C92007294FB /* ZNGPlan.m */ = {isa = PBXFileReference; fileEncoding = 4; lastKnownFileType = sourcecode.c.objc; path = ZNGPlan.m; sourceTree = "<group>"; };
		CED2FD861BDD8C92007294FB /* ZNGService.h */ = {isa = PBXFileReference; fileEncoding = 4; lastKnownFileType = sourcecode.c.h; path = ZNGService.h; sourceTree = "<group>"; };
		CED2FD871BDD8C92007294FB /* ZNGService.m */ = {isa = PBXFileReference; fileEncoding = 4; lastKnownFileType = sourcecode.c.objc; path = ZNGService.m; sourceTree = "<group>"; };
		CED2FD881BDD8C92007294FB /* ZNGServiceChannel.h */ = {isa = PBXFileReference; fileEncoding = 4; lastKnownFileType = sourcecode.c.h; path = ZNGServiceChannel.h; sourceTree = "<group>"; };
		CED2FD891BDD8C92007294FB /* ZNGServiceChannel.m */ = {isa = PBXFileReference; fileEncoding = 4; lastKnownFileType = sourcecode.c.objc; path = ZNGServiceChannel.m; sourceTree = "<group>"; };
		CED2FD8B1BDD8C92007294FB /* ZingleModelSearch.h */ = {isa = PBXFileReference; fileEncoding = 4; lastKnownFileType = sourcecode.c.h; path = ZingleModelSearch.h; sourceTree = "<group>"; };
		CED2FD8C1BDD8C92007294FB /* ZingleModelSearch.m */ = {isa = PBXFileReference; fileEncoding = 4; lastKnownFileType = sourcecode.c.objc; path = ZingleModelSearch.m; sourceTree = "<group>"; };
		CED2FD8D1BDD8C92007294FB /* ZNGAccountSearch.h */ = {isa = PBXFileReference; fileEncoding = 4; lastKnownFileType = sourcecode.c.h; path = ZNGAccountSearch.h; sourceTree = "<group>"; };
		CED2FD8E1BDD8C92007294FB /* ZNGAccountSearch.m */ = {isa = PBXFileReference; fileEncoding = 4; lastKnownFileType = sourcecode.c.objc; path = ZNGAccountSearch.m; sourceTree = "<group>"; };
		CED2FD8F1BDD8C92007294FB /* ZNGAutomationSearch.h */ = {isa = PBXFileReference; fileEncoding = 4; lastKnownFileType = sourcecode.c.h; path = ZNGAutomationSearch.h; sourceTree = "<group>"; };
		CED2FD901BDD8C92007294FB /* ZNGAutomationSearch.m */ = {isa = PBXFileReference; fileEncoding = 4; lastKnownFileType = sourcecode.c.objc; path = ZNGAutomationSearch.m; sourceTree = "<group>"; };
		CED2FD911BDD8C92007294FB /* ZNGAvailablePhoneNumberSearch.h */ = {isa = PBXFileReference; fileEncoding = 4; lastKnownFileType = sourcecode.c.h; path = ZNGAvailablePhoneNumberSearch.h; sourceTree = "<group>"; };
		CED2FD921BDD8C92007294FB /* ZNGAvailablePhoneNumberSearch.m */ = {isa = PBXFileReference; fileEncoding = 4; lastKnownFileType = sourcecode.c.objc; path = ZNGAvailablePhoneNumberSearch.m; sourceTree = "<group>"; };
		CED2FD931BDD8C92007294FB /* ZNGContactCustomFieldSearch.h */ = {isa = PBXFileReference; fileEncoding = 4; lastKnownFileType = sourcecode.c.h; path = ZNGContactCustomFieldSearch.h; sourceTree = "<group>"; };
		CED2FD941BDD8C92007294FB /* ZNGContactCustomFieldSearch.m */ = {isa = PBXFileReference; fileEncoding = 4; lastKnownFileType = sourcecode.c.objc; path = ZNGContactCustomFieldSearch.m; sourceTree = "<group>"; };
		CED2FD951BDD8C92007294FB /* ZNGContactSearch.h */ = {isa = PBXFileReference; fileEncoding = 4; lastKnownFileType = sourcecode.c.h; path = ZNGContactSearch.h; sourceTree = "<group>"; };
		CED2FD961BDD8C92007294FB /* ZNGContactSearch.m */ = {isa = PBXFileReference; fileEncoding = 4; lastKnownFileType = sourcecode.c.objc; path = ZNGContactSearch.m; sourceTree = "<group>"; };
		CED2FD971BDD8C92007294FB /* ZNGLabelSearch.h */ = {isa = PBXFileReference; fileEncoding = 4; lastKnownFileType = sourcecode.c.h; path = ZNGLabelSearch.h; sourceTree = "<group>"; };
		CED2FD981BDD8C92007294FB /* ZNGLabelSearch.m */ = {isa = PBXFileReference; fileEncoding = 4; lastKnownFileType = sourcecode.c.objc; path = ZNGLabelSearch.m; sourceTree = "<group>"; };
		CED2FD991BDD8C92007294FB /* ZNGMessageSearch.h */ = {isa = PBXFileReference; fileEncoding = 4; lastKnownFileType = sourcecode.c.h; path = ZNGMessageSearch.h; sourceTree = "<group>"; };
		CED2FD9A1BDD8C92007294FB /* ZNGMessageSearch.m */ = {isa = PBXFileReference; fileEncoding = 4; lastKnownFileType = sourcecode.c.objc; path = ZNGMessageSearch.m; sourceTree = "<group>"; };
		CED2FD9B1BDD8C92007294FB /* ZNGPlanSearch.h */ = {isa = PBXFileReference; fileEncoding = 4; lastKnownFileType = sourcecode.c.h; path = ZNGPlanSearch.h; sourceTree = "<group>"; };
		CED2FD9C1BDD8C92007294FB /* ZNGPlanSearch.m */ = {isa = PBXFileReference; fileEncoding = 4; lastKnownFileType = sourcecode.c.objc; path = ZNGPlanSearch.m; sourceTree = "<group>"; };
		CED2FD9D1BDD8C92007294FB /* ZNGServiceSearch.h */ = {isa = PBXFileReference; fileEncoding = 4; lastKnownFileType = sourcecode.c.h; path = ZNGServiceSearch.h; sourceTree = "<group>"; };
		CED2FD9E1BDD8C92007294FB /* ZNGServiceSearch.m */ = {isa = PBXFileReference; fileEncoding = 4; lastKnownFileType = sourcecode.c.objc; path = ZNGServiceSearch.m; sourceTree = "<group>"; };
		CED2FD9F1BDD8C92007294FB /* ZNGServiceSettingsSearch.h */ = {isa = PBXFileReference; fileEncoding = 4; lastKnownFileType = sourcecode.c.h; path = ZNGServiceSettingsSearch.h; sourceTree = "<group>"; };
		CED2FDA01BDD8C92007294FB /* ZNGServiceSettingsSearch.m */ = {isa = PBXFileReference; fileEncoding = 4; lastKnownFileType = sourcecode.c.objc; path = ZNGServiceSettingsSearch.m; sourceTree = "<group>"; };
		CED2FDA11BDD8C92007294FB /* ZNGTimeZoneSearch.h */ = {isa = PBXFileReference; fileEncoding = 4; lastKnownFileType = sourcecode.c.h; path = ZNGTimeZoneSearch.h; sourceTree = "<group>"; };
		CED2FDA21BDD8C92007294FB /* ZNGTimeZoneSearch.m */ = {isa = PBXFileReference; fileEncoding = 4; lastKnownFileType = sourcecode.c.objc; path = ZNGTimeZoneSearch.m; sourceTree = "<group>"; };
		CED2FDA31BDD8C92007294FB /* ZNGWebServiceLogSearch.h */ = {isa = PBXFileReference; fileEncoding = 4; lastKnownFileType = sourcecode.c.h; path = ZNGWebServiceLogSearch.h; sourceTree = "<group>"; };
		CED2FDA41BDD8C92007294FB /* ZNGWebServiceLogSearch.m */ = {isa = PBXFileReference; fileEncoding = 4; lastKnownFileType = sourcecode.c.objc; path = ZNGWebServiceLogSearch.m; sourceTree = "<group>"; };
		CED2FDA51BDD8C92007294FB /* ZingleSDK.h */ = {isa = PBXFileReference; fileEncoding = 4; lastKnownFileType = sourcecode.c.h; path = ZingleSDK.h; sourceTree = "<group>"; };
		CED2FDA61BDD8C92007294FB /* ZingleSDK.m */ = {isa = PBXFileReference; fileEncoding = 4; lastKnownFileType = sourcecode.c.objc; path = ZingleSDK.m; sourceTree = "<group>"; };
		CED2FDA81BDD8C92007294FB /* ZNGArrowView.h */ = {isa = PBXFileReference; fileEncoding = 4; lastKnownFileType = sourcecode.c.h; path = ZNGArrowView.h; sourceTree = "<group>"; };
		CED2FDA91BDD8C92007294FB /* ZNGArrowView.m */ = {isa = PBXFileReference; fileEncoding = 4; lastKnownFileType = sourcecode.c.objc; path = ZNGArrowView.m; sourceTree = "<group>"; };
		CED2FDAA1BDD8C92007294FB /* ZNGConversationViewController.h */ = {isa = PBXFileReference; fileEncoding = 4; lastKnownFileType = sourcecode.c.h; path = ZNGConversationViewController.h; sourceTree = "<group>"; };
		CED2FDAB1BDD8C92007294FB /* ZNGConversationViewController.m */ = {isa = PBXFileReference; fileEncoding = 4; lastKnownFileType = sourcecode.c.objc; path = ZNGConversationViewController.m; sourceTree = "<group>"; };
		CED2FDAC1BDD8C92007294FB /* ZNGMessageView.h */ = {isa = PBXFileReference; fileEncoding = 4; lastKnownFileType = sourcecode.c.h; path = ZNGMessageView.h; sourceTree = "<group>"; };
		CED2FDAD1BDD8C92007294FB /* ZNGMessageView.m */ = {isa = PBXFileReference; fileEncoding = 4; lastKnownFileType = sourcecode.c.objc; path = ZNGMessageView.m; sourceTree = "<group>"; };
		CED2FDAF1BDD8C92007294FB /* ZingleAsyncQuickStart.h */ = {isa = PBXFileReference; fileEncoding = 4; lastKnownFileType = sourcecode.c.h; path = ZingleAsyncQuickStart.h; sourceTree = "<group>"; };
		CED2FDB01BDD8C92007294FB /* ZingleAsyncQuickStart.m */ = {isa = PBXFileReference; fileEncoding = 4; lastKnownFileType = sourcecode.c.objc; path = ZingleAsyncQuickStart.m; sourceTree = "<group>"; };
		CED2FDB11BDD8C92007294FB /* ZingleSyncQuickStart.h */ = {isa = PBXFileReference; fileEncoding = 4; lastKnownFileType = sourcecode.c.h; path = ZingleSyncQuickStart.h; sourceTree = "<group>"; };
		CED2FDB21BDD8C92007294FB /* ZingleSyncQuickStart.m */ = {isa = PBXFileReference; fileEncoding = 4; lastKnownFileType = sourcecode.c.objc; path = ZingleSyncQuickStart.m; sourceTree = "<group>"; };
		CED2FDE21BDD973B007294FB /* camera.png */ = {isa = PBXFileReference; lastKnownFileType = image.png; path = camera.png; sourceTree = "<group>"; };
/* End PBXFileReference section */

/* Begin PBXFrameworksBuildPhase section */
		CED2FD291BDD87A2007294FB /* Frameworks */ = {
			isa = PBXFrameworksBuildPhase;
			buildActionMask = 2147483647;
			files = (
			);
			runOnlyForDeploymentPostprocessing = 0;
		};
/* End PBXFrameworksBuildPhase section */

/* Begin PBXGroup section */
		CED2FD231BDD87A2007294FB = {
			isa = PBXGroup;
			children = (
				CED2FD4C1BDD8C92007294FB /* Code */,
				CED2FDAE1BDD8C92007294FB /* Examples */,
				CED2FD2E1BDD87A2007294FB /* ZingleSDK */,
				CED2FD2D1BDD87A2007294FB /* Products */,
			);
			sourceTree = "<group>";
		};
		CED2FD2D1BDD87A2007294FB /* Products */ = {
			isa = PBXGroup;
			children = (
				CED2FD2C1BDD87A2007294FB /* ZingleSDK.app */,
			);
			name = Products;
			sourceTree = "<group>";
		};
		CED2FD2E1BDD87A2007294FB /* ZingleSDK */ = {
			isa = PBXGroup;
			children = (
				CED2FD321BDD87A2007294FB /* AppDelegate.h */,
				CED2FD331BDD87A2007294FB /* AppDelegate.m */,
				CED2FD351BDD87A2007294FB /* ViewController.h */,
				CED2FD361BDD87A2007294FB /* ViewController.m */,
				CED2FD381BDD87A2007294FB /* Main.storyboard */,
				CED2FD3B1BDD87A2007294FB /* Assets.xcassets */,
				CED2FD3D1BDD87A2007294FB /* LaunchScreen.storyboard */,
				CED2FD401BDD87A2007294FB /* Info.plist */,
				CED2FD2F1BDD87A2007294FB /* Supporting Files */,
			);
			path = ZingleSDK;
			sourceTree = "<group>";
		};
		CED2FD2F1BDD87A2007294FB /* Supporting Files */ = {
			isa = PBXGroup;
			children = (
				CED2FD301BDD87A2007294FB /* main.m */,
			);
			name = "Supporting Files";
			sourceTree = "<group>";
		};
		CED2FD4C1BDD8C92007294FB /* Code */ = {
			isa = PBXGroup;
			children = (
				CED2FD4D1BDD8C92007294FB /* Categories */,
				CED2FD581BDD8C92007294FB /* Models */,
				CED2FDA71BDD8C92007294FB /* Views */,
			);
			path = Code;
			sourceTree = "<group>";
		};
		CED2FD4D1BDD8C92007294FB /* Categories */ = {
			isa = PBXGroup;
			children = (
				CED2FD4E1BDD8C92007294FB /* JSON */,
			);
			path = Categories;
			sourceTree = "<group>";
		};
		CED2FD4E1BDD8C92007294FB /* JSON */ = {
			isa = PBXGroup;
			children = (
				CED2FD4F1BDD8C92007294FB /* CJSONDeserializer.h */,
				CED2FD501BDD8C92007294FB /* CJSONDeserializer.m */,
				CED2FD511BDD8C92007294FB /* CJSONSerializer.h */,
				CED2FD521BDD8C92007294FB /* CJSONSerializer.m */,
				CED2FD531BDD8C92007294FB /* JSONRepresentation.h */,
				CED2FD541BDD8C92007294FB /* NSDictionary_JSONExtensions.h */,
				CED2FD551BDD8C92007294FB /* NSDictionary_JSONExtensions.m */,
				CED2FD561BDD8C92007294FB /* NSMutableDictionary+json.h */,
				CED2FD571BDD8C92007294FB /* NSMutableDictionary+json.m */,
			);
			path = JSON;
			sourceTree = "<group>";
		};
		CED2FD581BDD8C92007294FB /* Models */ = {
			isa = PBXGroup;
			children = (
				CED2FD591BDD8C92007294FB /* Data Access */,
				CED2FD5E1BDD8C92007294FB /* Errors */,
				CED2FD611BDD8C92007294FB /* Objects */,
				CED2FD8A1BDD8C92007294FB /* Search */,
				CED2FDA51BDD8C92007294FB /* ZingleSDK.h */,
				CED2FDA61BDD8C92007294FB /* ZingleSDK.m */,
			);
			path = Models;
			sourceTree = "<group>";
		};
		CED2FD591BDD8C92007294FB /* Data Access */ = {
			isa = PBXGroup;
			children = (
				CED2FD5A1BDD8C92007294FB /* ZingleDAO.h */,
				CED2FD5B1BDD8C92007294FB /* ZingleDAO.m */,
				CED2FD5C1BDD8C92007294FB /* ZingleDAOResponse.h */,
				CED2FD5D1BDD8C92007294FB /* ZingleDAOResponse.m */,
			);
			path = "Data Access";
			sourceTree = "<group>";
		};
		CED2FD5E1BDD8C92007294FB /* Errors */ = {
			isa = PBXGroup;
			children = (
				CED2FD5F1BDD8C92007294FB /* ZingleError.h */,
				CED2FD601BDD8C92007294FB /* ZingleError.m */,
			);
			path = Errors;
			sourceTree = "<group>";
		};
		CED2FD611BDD8C92007294FB /* Objects */ = {
			isa = PBXGroup;
			children = (
				CED2FD621BDD8C92007294FB /* ZingleModel.h */,
				CED2FD631BDD8C92007294FB /* ZingleModel.m */,
				CED2FD641BDD8C92007294FB /* ZNGAccount.h */,
				CED2FD651BDD8C92007294FB /* ZNGAccount.m */,
				CED2FD661BDD8C92007294FB /* ZNGAddress.h */,
				CED2FD671BDD8C92007294FB /* ZNGAddress.m */,
				CED2FD681BDD8C92007294FB /* ZNGAutomation.h */,
				CED2FD691BDD8C92007294FB /* ZNGAutomation.m */,
				CED2FD6A1BDD8C92007294FB /* ZNGAvailablePhoneNumber.h */,
				CED2FD6B1BDD8C92007294FB /* ZNGAvailablePhoneNumber.m */,
				CED2FD6C1BDD8C92007294FB /* ZNGChannel.h */,
				CED2FD6D1BDD8C92007294FB /* ZNGChannel.m */,
				CED2FD6E1BDD8C92007294FB /* ZNGChannelType.h */,
				CED2FD6F1BDD8C92007294FB /* ZNGChannelType.m */,
				CED2FD701BDD8C92007294FB /* ZNGContact.h */,
				CED2FD711BDD8C92007294FB /* ZNGContact.m */,
				CED2FD721BDD8C92007294FB /* ZNGContactChannel.h */,
				CED2FD731BDD8C92007294FB /* ZNGContactChannel.m */,
				CED2FD741BDD8C92007294FB /* ZNGConversation.h */,
				CED2FD751BDD8C92007294FB /* ZNGConversation.m */,
				CED2FD761BDD8C92007294FB /* ZNGCustomField.h */,
				CED2FD771BDD8C92007294FB /* ZNGCustomField.m */,
				CED2FD781BDD8C92007294FB /* ZNGCustomFieldOption.h */,
				CED2FD791BDD8C92007294FB /* ZNGCustomFieldOption.m */,
				CED2FD7A1BDD8C92007294FB /* ZNGCustomFieldValue.h */,
				CED2FD7B1BDD8C92007294FB /* ZNGCustomFieldValue.m */,
				CED2FD7C1BDD8C92007294FB /* ZNGLabel.h */,
				CED2FD7D1BDD8C92007294FB /* ZNGLabel.m */,
				CED2FD7E1BDD8C92007294FB /* ZNGMessage.h */,
				CED2FD7F1BDD8C92007294FB /* ZNGMessage.m */,
				CED2FD801BDD8C92007294FB /* ZNGMessageAttachment.h */,
				CED2FD811BDD8C92007294FB /* ZNGMessageAttachment.m */,
				CED2FD821BDD8C92007294FB /* ZNGMessageCorrespondent.h */,
				CED2FD831BDD8C92007294FB /* ZNGMessageCorrespondent.m */,
				CED2FD841BDD8C92007294FB /* ZNGPlan.h */,
				CED2FD851BDD8C92007294FB /* ZNGPlan.m */,
				CED2FD861BDD8C92007294FB /* ZNGService.h */,
				CED2FD871BDD8C92007294FB /* ZNGService.m */,
				CED2FD881BDD8C92007294FB /* ZNGServiceChannel.h */,
				CED2FD891BDD8C92007294FB /* ZNGServiceChannel.m */,
			);
			path = Objects;
			sourceTree = "<group>";
		};
		CED2FD8A1BDD8C92007294FB /* Search */ = {
			isa = PBXGroup;
			children = (
				CED2FD8B1BDD8C92007294FB /* ZingleModelSearch.h */,
				CED2FD8C1BDD8C92007294FB /* ZingleModelSearch.m */,
				CED2FD8D1BDD8C92007294FB /* ZNGAccountSearch.h */,
				CED2FD8E1BDD8C92007294FB /* ZNGAccountSearch.m */,
				CED2FD8F1BDD8C92007294FB /* ZNGAutomationSearch.h */,
				CED2FD901BDD8C92007294FB /* ZNGAutomationSearch.m */,
				CED2FD911BDD8C92007294FB /* ZNGAvailablePhoneNumberSearch.h */,
				CED2FD921BDD8C92007294FB /* ZNGAvailablePhoneNumberSearch.m */,
				CED2FD931BDD8C92007294FB /* ZNGContactCustomFieldSearch.h */,
				CED2FD941BDD8C92007294FB /* ZNGContactCustomFieldSearch.m */,
				CED2FD951BDD8C92007294FB /* ZNGContactSearch.h */,
				CED2FD961BDD8C92007294FB /* ZNGContactSearch.m */,
				CED2FD971BDD8C92007294FB /* ZNGLabelSearch.h */,
				CED2FD981BDD8C92007294FB /* ZNGLabelSearch.m */,
				CED2FD991BDD8C92007294FB /* ZNGMessageSearch.h */,
				CED2FD9A1BDD8C92007294FB /* ZNGMessageSearch.m */,
				CED2FD9B1BDD8C92007294FB /* ZNGPlanSearch.h */,
				CED2FD9C1BDD8C92007294FB /* ZNGPlanSearch.m */,
				CED2FD9D1BDD8C92007294FB /* ZNGServiceSearch.h */,
				CED2FD9E1BDD8C92007294FB /* ZNGServiceSearch.m */,
				CED2FD9F1BDD8C92007294FB /* ZNGServiceSettingsSearch.h */,
				CED2FDA01BDD8C92007294FB /* ZNGServiceSettingsSearch.m */,
				CED2FDA11BDD8C92007294FB /* ZNGTimeZoneSearch.h */,
				CED2FDA21BDD8C92007294FB /* ZNGTimeZoneSearch.m */,
				CED2FDA31BDD8C92007294FB /* ZNGWebServiceLogSearch.h */,
				CED2FDA41BDD8C92007294FB /* ZNGWebServiceLogSearch.m */,
			);
			path = Search;
			sourceTree = "<group>";
		};
		CED2FDA71BDD8C92007294FB /* Views */ = {
			isa = PBXGroup;
			children = (
				CED2FDE11BDD973B007294FB /* Assets */,
				CED2FDA81BDD8C92007294FB /* ZNGArrowView.h */,
				CED2FDA91BDD8C92007294FB /* ZNGArrowView.m */,
				CED2FDAA1BDD8C92007294FB /* ZNGConversationViewController.h */,
				CED2FDAB1BDD8C92007294FB /* ZNGConversationViewController.m */,
				CED2FDAC1BDD8C92007294FB /* ZNGMessageView.h */,
				CED2FDAD1BDD8C92007294FB /* ZNGMessageView.m */,
			);
			path = Views;
			sourceTree = "<group>";
		};
		CED2FDAE1BDD8C92007294FB /* Examples */ = {
			isa = PBXGroup;
			children = (
				CED2FDAF1BDD8C92007294FB /* ZingleAsyncQuickStart.h */,
				CED2FDB01BDD8C92007294FB /* ZingleAsyncQuickStart.m */,
				CED2FDB11BDD8C92007294FB /* ZingleSyncQuickStart.h */,
				CED2FDB21BDD8C92007294FB /* ZingleSyncQuickStart.m */,
			);
			path = Examples;
			sourceTree = "<group>";
		};
		CED2FDE11BDD973B007294FB /* Assets */ = {
			isa = PBXGroup;
			children = (
				CED2FDE21BDD973B007294FB /* camera.png */,
			);
			path = Assets;
			sourceTree = "<group>";
		};
/* End PBXGroup section */

/* Begin PBXNativeTarget section */
		CED2FD2B1BDD87A2007294FB /* ZingleSDK */ = {
			isa = PBXNativeTarget;
			buildConfigurationList = CED2FD431BDD87A2007294FB /* Build configuration list for PBXNativeTarget "ZingleSDK" */;
			buildPhases = (
				CED2FD281BDD87A2007294FB /* Sources */,
				CED2FD291BDD87A2007294FB /* Frameworks */,
				CED2FD2A1BDD87A2007294FB /* Resources */,
			);
			buildRules = (
			);
			dependencies = (
			);
			name = ZingleSDK;
			productName = ZingleSDK;
			productReference = CED2FD2C1BDD87A2007294FB /* ZingleSDK.app */;
			productType = "com.apple.product-type.application";
		};
/* End PBXNativeTarget section */

/* Begin PBXProject section */
		CED2FD241BDD87A2007294FB /* Project object */ = {
			isa = PBXProject;
			attributes = {
				LastUpgradeCheck = 0700;
				ORGANIZATIONNAME = Zingle.me;
				TargetAttributes = {
					CED2FD2B1BDD87A2007294FB = {
						CreatedOnToolsVersion = 7.0;
					};
				};
			};
			buildConfigurationList = CED2FD271BDD87A2007294FB /* Build configuration list for PBXProject "ZingleSDK" */;
			compatibilityVersion = "Xcode 3.2";
			developmentRegion = English;
			hasScannedForEncodings = 0;
			knownRegions = (
				en,
				Base,
			);
			mainGroup = CED2FD231BDD87A2007294FB;
			productRefGroup = CED2FD2D1BDD87A2007294FB /* Products */;
			projectDirPath = "";
			projectRoot = "";
			targets = (
				CED2FD2B1BDD87A2007294FB /* ZingleSDK */,
			);
		};
/* End PBXProject section */

/* Begin PBXResourcesBuildPhase section */
		CED2FD2A1BDD87A2007294FB /* Resources */ = {
			isa = PBXResourcesBuildPhase;
			buildActionMask = 2147483647;
			files = (
				CED2FD3F1BDD87A2007294FB /* LaunchScreen.storyboard in Resources */,
				CED2FD3C1BDD87A2007294FB /* Assets.xcassets in Resources */,
				CED2FDE31BDD973B007294FB /* camera.png in Resources */,
				CED2FD3A1BDD87A2007294FB /* Main.storyboard in Resources */,
			);
			runOnlyForDeploymentPostprocessing = 0;
		};
/* End PBXResourcesBuildPhase section */

/* Begin PBXSourcesBuildPhase section */
		CED2FD281BDD87A2007294FB /* Sources */ = {
			isa = PBXSourcesBuildPhase;
			buildActionMask = 2147483647;
			files = (
				CED2FD371BDD87A2007294FB /* ViewController.m in Sources */,
				CED2FDC61BDD8C92007294FB /* ZNGCustomFieldValue.m in Sources */,
				CED2FDB91BDD8C92007294FB /* ZingleError.m in Sources */,
				CED2FDD71BDD8C92007294FB /* ZNGServiceSearch.m in Sources */,
				CED2FDC21BDD8C92007294FB /* ZNGContactChannel.m in Sources */,
				CED2FDCE1BDD8C92007294FB /* ZingleModelSearch.m in Sources */,
				CED2FDD11BDD8C92007294FB /* ZNGAvailablePhoneNumberSearch.m in Sources */,
				CED2FDE01BDD8C92007294FB /* ZingleSyncQuickStart.m in Sources */,
				CED2FD341BDD87A2007294FB /* AppDelegate.m in Sources */,
				CED2FDBE1BDD8C92007294FB /* ZNGAvailablePhoneNumber.m in Sources */,
				CED2FDBB1BDD8C92007294FB /* ZNGAccount.m in Sources */,
				CED2FDBD1BDD8C92007294FB /* ZNGAutomation.m in Sources */,
				CED2FDD41BDD8C92007294FB /* ZNGLabelSearch.m in Sources */,
				CED2FDB41BDD8C92007294FB /* CJSONSerializer.m in Sources */,
				CED2FDB71BDD8C92007294FB /* ZingleDAO.m in Sources */,
				CED2FDD91BDD8C92007294FB /* ZNGTimeZoneSearch.m in Sources */,
				CED2FDDE1BDD8C92007294FB /* ZNGMessageView.m in Sources */,
				CED2FDC01BDD8C92007294FB /* ZNGChannelType.m in Sources */,
				CED2FDB31BDD8C92007294FB /* CJSONDeserializer.m in Sources */,
				CED2FDDB1BDD8C92007294FB /* ZingleSDK.m in Sources */,
				CED2FDB51BDD8C92007294FB /* NSDictionary_JSONExtensions.m in Sources */,
				CED2FDBC1BDD8C92007294FB /* ZNGAddress.m in Sources */,
				CED2FDCC1BDD8C92007294FB /* ZNGService.m in Sources */,
				CED2FDDC1BDD8C92007294FB /* ZNGArrowView.m in Sources */,
				CED2FDCD1BDD8C92007294FB /* ZNGServiceChannel.m in Sources */,
				CED2FDCB1BDD8C92007294FB /* ZNGPlan.m in Sources */,
				CED2FDC81BDD8C92007294FB /* ZNGMessage.m in Sources */,
				CED2FD311BDD87A2007294FB /* main.m in Sources */,
				CED2FDC41BDD8C92007294FB /* ZNGCustomField.m in Sources */,
				CED2FDD21BDD8C92007294FB /* ZNGContactCustomFieldSearch.m in Sources */,
				CED2FDC31BDD8C92007294FB /* ZNGConversation.m in Sources */,
				CED2FDC91BDD8C92007294FB /* ZNGMessageAttachment.m in Sources */,
				CED2FDB81BDD8C92007294FB /* ZingleDAOResponse.m in Sources */,
				CED2FDD31BDD8C92007294FB /* ZNGContactSearch.m in Sources */,
				CED2FDD61BDD8C92007294FB /* ZNGPlanSearch.m in Sources */,
				CED2FDDA1BDD8C92007294FB /* ZNGWebServiceLogSearch.m in Sources */,
				CED2FDD01BDD8C92007294FB /* ZNGAutomationSearch.m in Sources */,
				CED2FDDF1BDD8C92007294FB /* ZingleAsyncQuickStart.m in Sources */,
				CED2FDD51BDD8C92007294FB /* ZNGMessageSearch.m in Sources */,
				CED2FDC11BDD8C92007294FB /* ZNGContact.m in Sources */,
				CED2FDDD1BDD8C92007294FB /* ZNGConversationViewController.m in Sources */,
				CED2FDC51BDD8C92007294FB /* ZNGCustomFieldOption.m in Sources */,
				CED2FDC71BDD8C92007294FB /* ZNGLabel.m in Sources */,
				CED2FDB61BDD8C92007294FB /* NSMutableDictionary+json.m in Sources */,
				CED2FDCA1BDD8C92007294FB /* ZNGMessageCorrespondent.m in Sources */,
				CED2FDBA1BDD8C92007294FB /* ZingleModel.m in Sources */,
				CED2FDBF1BDD8C92007294FB /* ZNGChannel.m in Sources */,
				CED2FDCF1BDD8C92007294FB /* ZNGAccountSearch.m in Sources */,
				CED2FDD81BDD8C92007294FB /* ZNGServiceSettingsSearch.m in Sources */,
			);
			runOnlyForDeploymentPostprocessing = 0;
		};
/* End PBXSourcesBuildPhase section */

/* Begin PBXVariantGroup section */
		CED2FD381BDD87A2007294FB /* Main.storyboard */ = {
			isa = PBXVariantGroup;
			children = (
				CED2FD391BDD87A2007294FB /* Base */,
			);
			name = Main.storyboard;
			sourceTree = "<group>";
		};
		CED2FD3D1BDD87A2007294FB /* LaunchScreen.storyboard */ = {
			isa = PBXVariantGroup;
			children = (
				CED2FD3E1BDD87A2007294FB /* Base */,
			);
			name = LaunchScreen.storyboard;
			sourceTree = "<group>";
		};
/* End PBXVariantGroup section */

/* Begin XCBuildConfiguration section */
		CED2FD411BDD87A2007294FB /* Debug */ = {
			isa = XCBuildConfiguration;
			buildSettings = {
				ALWAYS_SEARCH_USER_PATHS = NO;
				CLANG_CXX_LANGUAGE_STANDARD = "gnu++0x";
				CLANG_CXX_LIBRARY = "libc++";
				CLANG_ENABLE_MODULES = YES;
				CLANG_ENABLE_OBJC_ARC = YES;
				CLANG_WARN_BOOL_CONVERSION = YES;
				CLANG_WARN_CONSTANT_CONVERSION = YES;
				CLANG_WARN_DIRECT_OBJC_ISA_USAGE = YES_ERROR;
				CLANG_WARN_EMPTY_BODY = YES;
				CLANG_WARN_ENUM_CONVERSION = YES;
				CLANG_WARN_INT_CONVERSION = YES;
				CLANG_WARN_OBJC_ROOT_CLASS = YES_ERROR;
				CLANG_WARN_UNREACHABLE_CODE = YES;
				CLANG_WARN__DUPLICATE_METHOD_MATCH = YES;
				"CODE_SIGN_IDENTITY[sdk=iphoneos*]" = "iPhone Developer";
				COPY_PHASE_STRIP = NO;
				DEBUG_INFORMATION_FORMAT = dwarf;
				ENABLE_STRICT_OBJC_MSGSEND = YES;
				ENABLE_TESTABILITY = YES;
				GCC_C_LANGUAGE_STANDARD = gnu99;
				GCC_DYNAMIC_NO_PIC = NO;
				GCC_NO_COMMON_BLOCKS = YES;
				GCC_OPTIMIZATION_LEVEL = 0;
				GCC_PREPROCESSOR_DEFINITIONS = (
					"DEBUG=1",
					"$(inherited)",
				);
				GCC_WARN_64_TO_32_BIT_CONVERSION = YES;
				GCC_WARN_ABOUT_RETURN_TYPE = YES_ERROR;
				GCC_WARN_UNDECLARED_SELECTOR = YES;
				GCC_WARN_UNINITIALIZED_AUTOS = YES_AGGRESSIVE;
				GCC_WARN_UNUSED_FUNCTION = YES;
				GCC_WARN_UNUSED_VARIABLE = YES;
				IPHONEOS_DEPLOYMENT_TARGET = 9.0;
				MTL_ENABLE_DEBUG_INFO = YES;
				ONLY_ACTIVE_ARCH = YES;
				SDKROOT = iphoneos;
				TARGETED_DEVICE_FAMILY = "1,2";
			};
			name = Debug;
		};
		CED2FD421BDD87A2007294FB /* Release */ = {
			isa = XCBuildConfiguration;
			buildSettings = {
				ALWAYS_SEARCH_USER_PATHS = NO;
				CLANG_CXX_LANGUAGE_STANDARD = "gnu++0x";
				CLANG_CXX_LIBRARY = "libc++";
				CLANG_ENABLE_MODULES = YES;
				CLANG_ENABLE_OBJC_ARC = YES;
				CLANG_WARN_BOOL_CONVERSION = YES;
				CLANG_WARN_CONSTANT_CONVERSION = YES;
				CLANG_WARN_DIRECT_OBJC_ISA_USAGE = YES_ERROR;
				CLANG_WARN_EMPTY_BODY = YES;
				CLANG_WARN_ENUM_CONVERSION = YES;
				CLANG_WARN_INT_CONVERSION = YES;
				CLANG_WARN_OBJC_ROOT_CLASS = YES_ERROR;
				CLANG_WARN_UNREACHABLE_CODE = YES;
				CLANG_WARN__DUPLICATE_METHOD_MATCH = YES;
				"CODE_SIGN_IDENTITY[sdk=iphoneos*]" = "iPhone Developer";
				COPY_PHASE_STRIP = NO;
				DEBUG_INFORMATION_FORMAT = "dwarf-with-dsym";
				ENABLE_NS_ASSERTIONS = NO;
				ENABLE_STRICT_OBJC_MSGSEND = YES;
				GCC_C_LANGUAGE_STANDARD = gnu99;
				GCC_NO_COMMON_BLOCKS = YES;
				GCC_WARN_64_TO_32_BIT_CONVERSION = YES;
				GCC_WARN_ABOUT_RETURN_TYPE = YES_ERROR;
				GCC_WARN_UNDECLARED_SELECTOR = YES;
				GCC_WARN_UNINITIALIZED_AUTOS = YES_AGGRESSIVE;
				GCC_WARN_UNUSED_FUNCTION = YES;
				GCC_WARN_UNUSED_VARIABLE = YES;
				IPHONEOS_DEPLOYMENT_TARGET = 9.0;
				MTL_ENABLE_DEBUG_INFO = NO;
				SDKROOT = iphoneos;
				TARGETED_DEVICE_FAMILY = "1,2";
				VALIDATE_PRODUCT = YES;
			};
			name = Release;
		};
		CED2FD441BDD87A2007294FB /* Debug */ = {
			isa = XCBuildConfiguration;
			buildSettings = {
				ASSETCATALOG_COMPILER_APPICON_NAME = AppIcon;
				INFOPLIST_FILE = ZingleSDK/Info.plist;
				LD_RUNPATH_SEARCH_PATHS = "$(inherited) @executable_path/Frameworks";
				PRODUCT_BUNDLE_IDENTIFIER = me.zingle.ZingleSDK;
				PRODUCT_NAME = "$(TARGET_NAME)";
			};
			name = Debug;
		};
		CED2FD451BDD87A2007294FB /* Release */ = {
			isa = XCBuildConfiguration;
			buildSettings = {
				ASSETCATALOG_COMPILER_APPICON_NAME = AppIcon;
				INFOPLIST_FILE = ZingleSDK/Info.plist;
				LD_RUNPATH_SEARCH_PATHS = "$(inherited) @executable_path/Frameworks";
				PRODUCT_BUNDLE_IDENTIFIER = me.zingle.ZingleSDK;
				PRODUCT_NAME = "$(TARGET_NAME)";
			};
			name = Release;
		};
/* End XCBuildConfiguration section */

/* Begin XCConfigurationList section */
		CED2FD271BDD87A2007294FB /* Build configuration list for PBXProject "ZingleSDK" */ = {
			isa = XCConfigurationList;
			buildConfigurations = (
				CED2FD411BDD87A2007294FB /* Debug */,
				CED2FD421BDD87A2007294FB /* Release */,
			);
			defaultConfigurationIsVisible = 0;
			defaultConfigurationName = Release;
		};
		CED2FD431BDD87A2007294FB /* Build configuration list for PBXNativeTarget "ZingleSDK" */ = {
			isa = XCConfigurationList;
			buildConfigurations = (
				CED2FD441BDD87A2007294FB /* Debug */,
				CED2FD451BDD87A2007294FB /* Release */,
			);
			defaultConfigurationIsVisible = 0;
		};
/* End XCConfigurationList section */
	};
	rootObject = CED2FD241BDD87A2007294FB /* Project object */;
}
