// !$*UTF8*$!
{
	archiveVersion = 1;
	classes = {
	};
	objectVersion = 46;
	objects = {

/* Begin PBXBuildFile section */
		CE1F3D301BA76B460076518A /* main.m in Sources */ = {isa = PBXBuildFile; fileRef = CE1F3D2F1BA76B460076518A /* main.m */; };
		CE1F3D331BA76B460076518A /* AppDelegate.m in Sources */ = {isa = PBXBuildFile; fileRef = CE1F3D321BA76B460076518A /* AppDelegate.m */; };
		CE1F3D361BA76B460076518A /* ViewController.m in Sources */ = {isa = PBXBuildFile; fileRef = CE1F3D351BA76B460076518A /* ViewController.m */; };
		CE1F3D391BA76B460076518A /* Main.storyboard in Resources */ = {isa = PBXBuildFile; fileRef = CE1F3D371BA76B460076518A /* Main.storyboard */; };
		CE1F3D3B1BA76B460076518A /* Images.xcassets in Resources */ = {isa = PBXBuildFile; fileRef = CE1F3D3A1BA76B460076518A /* Images.xcassets */; };
		CE1F3D3E1BA76B460076518A /* LaunchScreen.xib in Resources */ = {isa = PBXBuildFile; fileRef = CE1F3D3C1BA76B460076518A /* LaunchScreen.xib */; };
		CE1F3D4A1BA76B460076518A /* ZingleSDKTests.m in Sources */ = {isa = PBXBuildFile; fileRef = CE1F3D491BA76B460076518A /* ZingleSDKTests.m */; };
		CE1F3D561BA76BBC0076518A /* ZingleSDK.m in Sources */ = {isa = PBXBuildFile; fileRef = CE1F3D551BA76BBC0076518A /* ZingleSDK.m */; };
		CE1F3D591BA76BCB0076518A /* ZingleDAO.m in Sources */ = {isa = PBXBuildFile; fileRef = CE1F3D581BA76BCB0076518A /* ZingleDAO.m */; };
		CE1F3D5D1BA76BE90076518A /* ZNGService.m in Sources */ = {isa = PBXBuildFile; fileRef = CE1F3D5C1BA76BE90076518A /* ZNGService.m */; };
		CE1F3D601BA76BF30076518A /* ZNGLabel.m in Sources */ = {isa = PBXBuildFile; fileRef = CE1F3D5F1BA76BF30076518A /* ZNGLabel.m */; };
		CE1F3D631BA76BFB0076518A /* ZNGMessage.m in Sources */ = {isa = PBXBuildFile; fileRef = CE1F3D621BA76BFB0076518A /* ZNGMessage.m */; };
		CE1F3D691BA76C290076518A /* ZNGContactChannel.m in Sources */ = {isa = PBXBuildFile; fileRef = CE1F3D681BA76C290076518A /* ZNGContactChannel.m */; };
		CE1F3D6C1BA76C320076518A /* ZNGContact.m in Sources */ = {isa = PBXBuildFile; fileRef = CE1F3D6B1BA76C320076518A /* ZNGContact.m */; };
		CE1F3D6F1BA76C3B0076518A /* ZingleModel.m in Sources */ = {isa = PBXBuildFile; fileRef = CE1F3D6E1BA76C3B0076518A /* ZingleModel.m */; };
		CE1F3D751BA76CE00076518A /* ZNGPlan.m in Sources */ = {isa = PBXBuildFile; fileRef = CE1F3D741BA76CE00076518A /* ZNGPlan.m */; };
		CE1F3D781BA76CFB0076518A /* ZNGAutomation.m in Sources */ = {isa = PBXBuildFile; fileRef = CE1F3D771BA76CFB0076518A /* ZNGAutomation.m */; };
		CE1F3D7B1BA76D0C0076518A /* ZNGCustomField.m in Sources */ = {isa = PBXBuildFile; fileRef = CE1F3D7A1BA76D0C0076518A /* ZNGCustomField.m */; };
		CE1F3D8C1BA786BD0076518A /* CJSONDeserializer.m in Sources */ = {isa = PBXBuildFile; fileRef = CE1F3D841BA786BD0076518A /* CJSONDeserializer.m */; };
		CE1F3D8D1BA786BD0076518A /* CJSONSerializer.m in Sources */ = {isa = PBXBuildFile; fileRef = CE1F3D861BA786BD0076518A /* CJSONSerializer.m */; };
		CE1F3D8E1BA786BD0076518A /* NSDictionary_JSONExtensions.m in Sources */ = {isa = PBXBuildFile; fileRef = CE1F3D891BA786BD0076518A /* NSDictionary_JSONExtensions.m */; };
		CE1F3D8F1BA786BD0076518A /* NSMutableDictionary+json.m in Sources */ = {isa = PBXBuildFile; fileRef = CE1F3D8B1BA786BD0076518A /* NSMutableDictionary+json.m */; };
		CE1F3D951BA79D460076518A /* ZingleModelSearch.m in Sources */ = {isa = PBXBuildFile; fileRef = CE1F3D941BA79D460076518A /* ZingleModelSearch.m */; };
		CE1F3D981BA7A8570076518A /* ZNGServiceSearch.m in Sources */ = {isa = PBXBuildFile; fileRef = CE1F3D971BA7A8570076518A /* ZNGServiceSearch.m */; };
		CE428DF31BA86CCB002C5BB1 /* ZNGPlanSearch.m in Sources */ = {isa = PBXBuildFile; fileRef = CE428DF21BA86CCB002C5BB1 /* ZNGPlanSearch.m */; };
		CE428DF61BA86CD8002C5BB1 /* ZNGTimeZoneSearch.m in Sources */ = {isa = PBXBuildFile; fileRef = CE428DF51BA86CD8002C5BB1 /* ZNGTimeZoneSearch.m */; };
		CE428DF91BA88D5A002C5BB1 /* ZNGAddress.m in Sources */ = {isa = PBXBuildFile; fileRef = CE428DF81BA88D5A002C5BB1 /* ZNGAddress.m */; };
		CE428E031BA89C30002C5BB1 /* ZNGLabelSearch.m in Sources */ = {isa = PBXBuildFile; fileRef = CE428E021BA89C30002C5BB1 /* ZNGLabelSearch.m */; };
		CE428E091BA89C65002C5BB1 /* ZNGContactSearch.m in Sources */ = {isa = PBXBuildFile; fileRef = CE428E081BA89C65002C5BB1 /* ZNGContactSearch.m */; };
		CE428E0C1BA89C75002C5BB1 /* ZNGContactCustomFieldSearch.m in Sources */ = {isa = PBXBuildFile; fileRef = CE428E0B1BA89C75002C5BB1 /* ZNGContactCustomFieldSearch.m */; };
		CE428E0F1BA89C83002C5BB1 /* ZNGMessageSearch.m in Sources */ = {isa = PBXBuildFile; fileRef = CE428E0E1BA89C83002C5BB1 /* ZNGMessageSearch.m */; };
		CE428E121BA89C91002C5BB1 /* ZNGAutomationSearch.m in Sources */ = {isa = PBXBuildFile; fileRef = CE428E111BA89C91002C5BB1 /* ZNGAutomationSearch.m */; };
		CE428E151BA89CA9002C5BB1 /* ZNGWebServiceLogSearch.m in Sources */ = {isa = PBXBuildFile; fileRef = CE428E141BA89CA9002C5BB1 /* ZNGWebServiceLogSearch.m */; };
		CE428E1B1BA8AADB002C5BB1 /* ZNGChannelType.m in Sources */ = {isa = PBXBuildFile; fileRef = CE428E1A1BA8AADB002C5BB1 /* ZNGChannelType.m */; };
		CE428E1E1BA8B032002C5BB1 /* ZNGCustomFieldOption.m in Sources */ = {isa = PBXBuildFile; fileRef = CE428E1D1BA8B032002C5BB1 /* ZNGCustomFieldOption.m */; };
		CE428E211BA8C9F6002C5BB1 /* ZNGCustomFieldValue.m in Sources */ = {isa = PBXBuildFile; fileRef = CE428E201BA8C9F6002C5BB1 /* ZNGCustomFieldValue.m */; };
		CE428E241BA915BB002C5BB1 /* ZNGServiceChannel.m in Sources */ = {isa = PBXBuildFile; fileRef = CE428E231BA915BB002C5BB1 /* ZNGServiceChannel.m */; };
		CE428E271BA93C23002C5BB1 /* ZNGAvailablePhoneNumber.m in Sources */ = {isa = PBXBuildFile; fileRef = CE428E261BA93C23002C5BB1 /* ZNGAvailablePhoneNumber.m */; };
		CE428E2A1BA93C46002C5BB1 /* ZNGAvailablePhoneNumberSearch.m in Sources */ = {isa = PBXBuildFile; fileRef = CE428E291BA93C46002C5BB1 /* ZNGAvailablePhoneNumberSearch.m */; };
		CE428E2D1BA9C4AC002C5BB1 /* ZNGAccount.m in Sources */ = {isa = PBXBuildFile; fileRef = CE428E2C1BA9C4AC002C5BB1 /* ZNGAccount.m */; };
		CE428E301BA9D1D9002C5BB1 /* ZNGAccountSearch.m in Sources */ = {isa = PBXBuildFile; fileRef = CE428E2F1BA9D1D9002C5BB1 /* ZNGAccountSearch.m */; };
		CE428E461BAB132B002C5BB1 /* ZNGServiceSettingsSearch.m in Sources */ = {isa = PBXBuildFile; fileRef = CE428E451BAB132B002C5BB1 /* ZNGServiceSettingsSearch.m */; };
		CE428E4C1BAB51E5002C5BB1 /* ZNGMessageCorrespondent.m in Sources */ = {isa = PBXBuildFile; fileRef = CE428E4B1BAB51E5002C5BB1 /* ZNGMessageCorrespondent.m */; };
		CE428E4F1BAB5438002C5BB1 /* ZNGMessageAttachment.m in Sources */ = {isa = PBXBuildFile; fileRef = CE428E4E1BAB5438002C5BB1 /* ZNGMessageAttachment.m */; };
		CE428E541BAC94EC002C5BB1 /* ZingleDAOResponse.m in Sources */ = {isa = PBXBuildFile; fileRef = CE428E531BAC94EC002C5BB1 /* ZingleDAOResponse.m */; };
		CE5030EB1BB180170087087E /* ZingleError.m in Sources */ = {isa = PBXBuildFile; fileRef = CE5030EA1BB180170087087E /* ZingleError.m */; settings = {ASSET_TAGS = (); }; };
		CE5030EE1BB2CDE10087087E /* ZingleAsyncQuickStart.m in Sources */ = {isa = PBXBuildFile; fileRef = CE5030ED1BB2CDE10087087E /* ZingleAsyncQuickStart.m */; settings = {ASSET_TAGS = (); }; };
		CE5030F11BB2CDF40087087E /* ZingleSyncQuickStart.m in Sources */ = {isa = PBXBuildFile; fileRef = CE5030F01BB2CDF40087087E /* ZingleSyncQuickStart.m */; settings = {ASSET_TAGS = (); }; };
		CE5030F71BC2A4FA0087087E /* ZNGMessageView.m in Sources */ = {isa = PBXBuildFile; fileRef = CE5030F41BC2A4FA0087087E /* ZNGMessageView.m */; settings = {ASSET_TAGS = (); }; };
		CE5030FB1BC2A6AE0087087E /* ZNGConversationViewController.m in Sources */ = {isa = PBXBuildFile; fileRef = CE5030FA1BC2A6AE0087087E /* ZNGConversationViewController.m */; settings = {ASSET_TAGS = (); }; };
		CE5030FE1BC2D8DC0087087E /* ZNGArrowView.m in Sources */ = {isa = PBXBuildFile; fileRef = CE5030FD1BC2D8DC0087087E /* ZNGArrowView.m */; settings = {ASSET_TAGS = (); }; };
		CED4DC1E1BCBEE070005D33E /* ZNGConversation.m in Sources */ = {isa = PBXBuildFile; fileRef = CED4DC1D1BCBEE070005D33E /* ZNGConversation.m */; settings = {ASSET_TAGS = (); }; };
		CED4DC211BD91F3D0005D33E /* ZNGChannel.m in Sources */ = {isa = PBXBuildFile; fileRef = CED4DC201BD91F3D0005D33E /* ZNGChannel.m */; settings = {ASSET_TAGS = (); }; };
/* End PBXBuildFile section */

/* Begin PBXContainerItemProxy section */
		CE1F3D441BA76B460076518A /* PBXContainerItemProxy */ = {
			isa = PBXContainerItemProxy;
			containerPortal = CE1F3D221BA76B460076518A /* Project object */;
			proxyType = 1;
			remoteGlobalIDString = CE1F3D291BA76B460076518A;
			remoteInfo = ZingleSDK;
		};
/* End PBXContainerItemProxy section */

/* Begin PBXFileReference section */
		CE1F3D2A1BA76B460076518A /* ZingleSDK.app */ = {isa = PBXFileReference; explicitFileType = wrapper.application; includeInIndex = 0; path = ZingleSDK.app; sourceTree = BUILT_PRODUCTS_DIR; };
		CE1F3D2E1BA76B460076518A /* Info.plist */ = {isa = PBXFileReference; lastKnownFileType = text.plist.xml; path = Info.plist; sourceTree = "<group>"; };
		CE1F3D2F1BA76B460076518A /* main.m */ = {isa = PBXFileReference; lastKnownFileType = sourcecode.c.objc; path = main.m; sourceTree = "<group>"; };
		CE1F3D311BA76B460076518A /* AppDelegate.h */ = {isa = PBXFileReference; lastKnownFileType = sourcecode.c.h; path = AppDelegate.h; sourceTree = "<group>"; };
		CE1F3D321BA76B460076518A /* AppDelegate.m */ = {isa = PBXFileReference; lastKnownFileType = sourcecode.c.objc; path = AppDelegate.m; sourceTree = "<group>"; };
		CE1F3D341BA76B460076518A /* ViewController.h */ = {isa = PBXFileReference; lastKnownFileType = sourcecode.c.h; path = ViewController.h; sourceTree = "<group>"; };
		CE1F3D351BA76B460076518A /* ViewController.m */ = {isa = PBXFileReference; lastKnownFileType = sourcecode.c.objc; path = ViewController.m; sourceTree = "<group>"; };
		CE1F3D381BA76B460076518A /* Base */ = {isa = PBXFileReference; lastKnownFileType = file.storyboard; name = Base; path = Base.lproj/Main.storyboard; sourceTree = "<group>"; };
		CE1F3D3A1BA76B460076518A /* Images.xcassets */ = {isa = PBXFileReference; lastKnownFileType = folder.assetcatalog; path = Images.xcassets; sourceTree = "<group>"; };
		CE1F3D3D1BA76B460076518A /* Base */ = {isa = PBXFileReference; lastKnownFileType = file.xib; name = Base; path = Base.lproj/LaunchScreen.xib; sourceTree = "<group>"; };
		CE1F3D431BA76B460076518A /* ZingleSDKTests.xctest */ = {isa = PBXFileReference; explicitFileType = wrapper.cfbundle; includeInIndex = 0; path = ZingleSDKTests.xctest; sourceTree = BUILT_PRODUCTS_DIR; };
		CE1F3D481BA76B460076518A /* Info.plist */ = {isa = PBXFileReference; lastKnownFileType = text.plist.xml; path = Info.plist; sourceTree = "<group>"; };
		CE1F3D491BA76B460076518A /* ZingleSDKTests.m */ = {isa = PBXFileReference; lastKnownFileType = sourcecode.c.objc; path = ZingleSDKTests.m; sourceTree = "<group>"; };
		CE1F3D541BA76BBC0076518A /* ZingleSDK.h */ = {isa = PBXFileReference; fileEncoding = 4; lastKnownFileType = sourcecode.c.h; path = ZingleSDK.h; sourceTree = "<group>"; };
		CE1F3D551BA76BBC0076518A /* ZingleSDK.m */ = {isa = PBXFileReference; fileEncoding = 4; lastKnownFileType = sourcecode.c.objc; path = ZingleSDK.m; sourceTree = "<group>"; };
		CE1F3D571BA76BCB0076518A /* ZingleDAO.h */ = {isa = PBXFileReference; fileEncoding = 4; lastKnownFileType = sourcecode.c.h; path = ZingleDAO.h; sourceTree = "<group>"; };
		CE1F3D581BA76BCB0076518A /* ZingleDAO.m */ = {isa = PBXFileReference; fileEncoding = 4; lastKnownFileType = sourcecode.c.objc; path = ZingleDAO.m; sourceTree = "<group>"; };
		CE1F3D5B1BA76BE90076518A /* ZNGService.h */ = {isa = PBXFileReference; fileEncoding = 4; lastKnownFileType = sourcecode.c.h; path = ZNGService.h; sourceTree = "<group>"; };
		CE1F3D5C1BA76BE90076518A /* ZNGService.m */ = {isa = PBXFileReference; fileEncoding = 4; lastKnownFileType = sourcecode.c.objc; path = ZNGService.m; sourceTree = "<group>"; };
		CE1F3D5E1BA76BF30076518A /* ZNGLabel.h */ = {isa = PBXFileReference; fileEncoding = 4; lastKnownFileType = sourcecode.c.h; path = ZNGLabel.h; sourceTree = "<group>"; };
		CE1F3D5F1BA76BF30076518A /* ZNGLabel.m */ = {isa = PBXFileReference; fileEncoding = 4; lastKnownFileType = sourcecode.c.objc; path = ZNGLabel.m; sourceTree = "<group>"; };
		CE1F3D611BA76BFB0076518A /* ZNGMessage.h */ = {isa = PBXFileReference; fileEncoding = 4; lastKnownFileType = sourcecode.c.h; path = ZNGMessage.h; sourceTree = "<group>"; };
		CE1F3D621BA76BFB0076518A /* ZNGMessage.m */ = {isa = PBXFileReference; fileEncoding = 4; lastKnownFileType = sourcecode.c.objc; path = ZNGMessage.m; sourceTree = "<group>"; };
		CE1F3D671BA76C290076518A /* ZNGContactChannel.h */ = {isa = PBXFileReference; fileEncoding = 4; lastKnownFileType = sourcecode.c.h; path = ZNGContactChannel.h; sourceTree = "<group>"; };
		CE1F3D681BA76C290076518A /* ZNGContactChannel.m */ = {isa = PBXFileReference; fileEncoding = 4; lastKnownFileType = sourcecode.c.objc; path = ZNGContactChannel.m; sourceTree = "<group>"; };
		CE1F3D6A1BA76C320076518A /* ZNGContact.h */ = {isa = PBXFileReference; fileEncoding = 4; lastKnownFileType = sourcecode.c.h; path = ZNGContact.h; sourceTree = "<group>"; };
		CE1F3D6B1BA76C320076518A /* ZNGContact.m */ = {isa = PBXFileReference; fileEncoding = 4; lastKnownFileType = sourcecode.c.objc; path = ZNGContact.m; sourceTree = "<group>"; };
		CE1F3D6D1BA76C3B0076518A /* ZingleModel.h */ = {isa = PBXFileReference; fileEncoding = 4; lastKnownFileType = sourcecode.c.h; path = ZingleModel.h; sourceTree = "<group>"; };
		CE1F3D6E1BA76C3B0076518A /* ZingleModel.m */ = {isa = PBXFileReference; fileEncoding = 4; lastKnownFileType = sourcecode.c.objc; path = ZingleModel.m; sourceTree = "<group>"; };
		CE1F3D731BA76CE00076518A /* ZNGPlan.h */ = {isa = PBXFileReference; fileEncoding = 4; lastKnownFileType = sourcecode.c.h; path = ZNGPlan.h; sourceTree = "<group>"; };
		CE1F3D741BA76CE00076518A /* ZNGPlan.m */ = {isa = PBXFileReference; fileEncoding = 4; lastKnownFileType = sourcecode.c.objc; path = ZNGPlan.m; sourceTree = "<group>"; };
		CE1F3D761BA76CFB0076518A /* ZNGAutomation.h */ = {isa = PBXFileReference; fileEncoding = 4; lastKnownFileType = sourcecode.c.h; path = ZNGAutomation.h; sourceTree = "<group>"; };
		CE1F3D771BA76CFB0076518A /* ZNGAutomation.m */ = {isa = PBXFileReference; fileEncoding = 4; lastKnownFileType = sourcecode.c.objc; path = ZNGAutomation.m; sourceTree = "<group>"; };
		CE1F3D791BA76D0C0076518A /* ZNGCustomField.h */ = {isa = PBXFileReference; fileEncoding = 4; lastKnownFileType = sourcecode.c.h; path = ZNGCustomField.h; sourceTree = "<group>"; };
		CE1F3D7A1BA76D0C0076518A /* ZNGCustomField.m */ = {isa = PBXFileReference; fileEncoding = 4; lastKnownFileType = sourcecode.c.objc; path = ZNGCustomField.m; sourceTree = "<group>"; };
		CE1F3D831BA786BD0076518A /* CJSONDeserializer.h */ = {isa = PBXFileReference; fileEncoding = 4; lastKnownFileType = sourcecode.c.h; path = CJSONDeserializer.h; sourceTree = "<group>"; };
		CE1F3D841BA786BD0076518A /* CJSONDeserializer.m */ = {isa = PBXFileReference; fileEncoding = 4; lastKnownFileType = sourcecode.c.objc; path = CJSONDeserializer.m; sourceTree = "<group>"; };
		CE1F3D851BA786BD0076518A /* CJSONSerializer.h */ = {isa = PBXFileReference; fileEncoding = 4; lastKnownFileType = sourcecode.c.h; path = CJSONSerializer.h; sourceTree = "<group>"; };
		CE1F3D861BA786BD0076518A /* CJSONSerializer.m */ = {isa = PBXFileReference; fileEncoding = 4; lastKnownFileType = sourcecode.c.objc; path = CJSONSerializer.m; sourceTree = "<group>"; };
		CE1F3D871BA786BD0076518A /* JSONRepresentation.h */ = {isa = PBXFileReference; fileEncoding = 4; lastKnownFileType = sourcecode.c.h; path = JSONRepresentation.h; sourceTree = "<group>"; };
		CE1F3D881BA786BD0076518A /* NSDictionary_JSONExtensions.h */ = {isa = PBXFileReference; fileEncoding = 4; lastKnownFileType = sourcecode.c.h; path = NSDictionary_JSONExtensions.h; sourceTree = "<group>"; };
		CE1F3D891BA786BD0076518A /* NSDictionary_JSONExtensions.m */ = {isa = PBXFileReference; fileEncoding = 4; lastKnownFileType = sourcecode.c.objc; path = NSDictionary_JSONExtensions.m; sourceTree = "<group>"; };
		CE1F3D8A1BA786BD0076518A /* NSMutableDictionary+json.h */ = {isa = PBXFileReference; fileEncoding = 4; lastKnownFileType = sourcecode.c.h; path = "NSMutableDictionary+json.h"; sourceTree = "<group>"; };
		CE1F3D8B1BA786BD0076518A /* NSMutableDictionary+json.m */ = {isa = PBXFileReference; fileEncoding = 4; lastKnownFileType = sourcecode.c.objc; path = "NSMutableDictionary+json.m"; sourceTree = "<group>"; };
		CE1F3D931BA79D460076518A /* ZingleModelSearch.h */ = {isa = PBXFileReference; fileEncoding = 4; lastKnownFileType = sourcecode.c.h; path = ZingleModelSearch.h; sourceTree = "<group>"; };
		CE1F3D941BA79D460076518A /* ZingleModelSearch.m */ = {isa = PBXFileReference; fileEncoding = 4; lastKnownFileType = sourcecode.c.objc; path = ZingleModelSearch.m; sourceTree = "<group>"; };
		CE1F3D961BA7A8570076518A /* ZNGServiceSearch.h */ = {isa = PBXFileReference; fileEncoding = 4; lastKnownFileType = sourcecode.c.h; path = ZNGServiceSearch.h; sourceTree = "<group>"; };
		CE1F3D971BA7A8570076518A /* ZNGServiceSearch.m */ = {isa = PBXFileReference; fileEncoding = 4; lastKnownFileType = sourcecode.c.objc; path = ZNGServiceSearch.m; sourceTree = "<group>"; };
		CE428DF11BA86CCB002C5BB1 /* ZNGPlanSearch.h */ = {isa = PBXFileReference; fileEncoding = 4; lastKnownFileType = sourcecode.c.h; path = ZNGPlanSearch.h; sourceTree = "<group>"; };
		CE428DF21BA86CCB002C5BB1 /* ZNGPlanSearch.m */ = {isa = PBXFileReference; fileEncoding = 4; lastKnownFileType = sourcecode.c.objc; path = ZNGPlanSearch.m; sourceTree = "<group>"; };
		CE428DF41BA86CD8002C5BB1 /* ZNGTimeZoneSearch.h */ = {isa = PBXFileReference; fileEncoding = 4; lastKnownFileType = sourcecode.c.h; path = ZNGTimeZoneSearch.h; sourceTree = "<group>"; };
		CE428DF51BA86CD8002C5BB1 /* ZNGTimeZoneSearch.m */ = {isa = PBXFileReference; fileEncoding = 4; lastKnownFileType = sourcecode.c.objc; path = ZNGTimeZoneSearch.m; sourceTree = "<group>"; };
		CE428DF71BA88D5A002C5BB1 /* ZNGAddress.h */ = {isa = PBXFileReference; fileEncoding = 4; lastKnownFileType = sourcecode.c.h; path = ZNGAddress.h; sourceTree = "<group>"; };
		CE428DF81BA88D5A002C5BB1 /* ZNGAddress.m */ = {isa = PBXFileReference; fileEncoding = 4; lastKnownFileType = sourcecode.c.objc; path = ZNGAddress.m; sourceTree = "<group>"; };
		CE428E011BA89C30002C5BB1 /* ZNGLabelSearch.h */ = {isa = PBXFileReference; fileEncoding = 4; lastKnownFileType = sourcecode.c.h; path = ZNGLabelSearch.h; sourceTree = "<group>"; };
		CE428E021BA89C30002C5BB1 /* ZNGLabelSearch.m */ = {isa = PBXFileReference; fileEncoding = 4; lastKnownFileType = sourcecode.c.objc; path = ZNGLabelSearch.m; sourceTree = "<group>"; };
		CE428E071BA89C65002C5BB1 /* ZNGContactSearch.h */ = {isa = PBXFileReference; fileEncoding = 4; lastKnownFileType = sourcecode.c.h; path = ZNGContactSearch.h; sourceTree = "<group>"; };
		CE428E081BA89C65002C5BB1 /* ZNGContactSearch.m */ = {isa = PBXFileReference; fileEncoding = 4; lastKnownFileType = sourcecode.c.objc; path = ZNGContactSearch.m; sourceTree = "<group>"; };
		CE428E0A1BA89C75002C5BB1 /* ZNGContactCustomFieldSearch.h */ = {isa = PBXFileReference; fileEncoding = 4; lastKnownFileType = sourcecode.c.h; path = ZNGContactCustomFieldSearch.h; sourceTree = "<group>"; };
		CE428E0B1BA89C75002C5BB1 /* ZNGContactCustomFieldSearch.m */ = {isa = PBXFileReference; fileEncoding = 4; lastKnownFileType = sourcecode.c.objc; path = ZNGContactCustomFieldSearch.m; sourceTree = "<group>"; };
		CE428E0D1BA89C83002C5BB1 /* ZNGMessageSearch.h */ = {isa = PBXFileReference; fileEncoding = 4; lastKnownFileType = sourcecode.c.h; path = ZNGMessageSearch.h; sourceTree = "<group>"; };
		CE428E0E1BA89C83002C5BB1 /* ZNGMessageSearch.m */ = {isa = PBXFileReference; fileEncoding = 4; lastKnownFileType = sourcecode.c.objc; path = ZNGMessageSearch.m; sourceTree = "<group>"; };
		CE428E101BA89C91002C5BB1 /* ZNGAutomationSearch.h */ = {isa = PBXFileReference; fileEncoding = 4; lastKnownFileType = sourcecode.c.h; path = ZNGAutomationSearch.h; sourceTree = "<group>"; };
		CE428E111BA89C91002C5BB1 /* ZNGAutomationSearch.m */ = {isa = PBXFileReference; fileEncoding = 4; lastKnownFileType = sourcecode.c.objc; path = ZNGAutomationSearch.m; sourceTree = "<group>"; };
		CE428E131BA89CA9002C5BB1 /* ZNGWebServiceLogSearch.h */ = {isa = PBXFileReference; fileEncoding = 4; lastKnownFileType = sourcecode.c.h; path = ZNGWebServiceLogSearch.h; sourceTree = "<group>"; };
		CE428E141BA89CA9002C5BB1 /* ZNGWebServiceLogSearch.m */ = {isa = PBXFileReference; fileEncoding = 4; lastKnownFileType = sourcecode.c.objc; path = ZNGWebServiceLogSearch.m; sourceTree = "<group>"; };
		CE428E191BA8AADB002C5BB1 /* ZNGChannelType.h */ = {isa = PBXFileReference; fileEncoding = 4; lastKnownFileType = sourcecode.c.h; path = ZNGChannelType.h; sourceTree = "<group>"; };
		CE428E1A1BA8AADB002C5BB1 /* ZNGChannelType.m */ = {isa = PBXFileReference; fileEncoding = 4; lastKnownFileType = sourcecode.c.objc; path = ZNGChannelType.m; sourceTree = "<group>"; };
		CE428E1C1BA8B032002C5BB1 /* ZNGCustomFieldOption.h */ = {isa = PBXFileReference; fileEncoding = 4; lastKnownFileType = sourcecode.c.h; path = ZNGCustomFieldOption.h; sourceTree = "<group>"; };
		CE428E1D1BA8B032002C5BB1 /* ZNGCustomFieldOption.m */ = {isa = PBXFileReference; fileEncoding = 4; lastKnownFileType = sourcecode.c.objc; path = ZNGCustomFieldOption.m; sourceTree = "<group>"; };
		CE428E1F1BA8C9F6002C5BB1 /* ZNGCustomFieldValue.h */ = {isa = PBXFileReference; fileEncoding = 4; lastKnownFileType = sourcecode.c.h; path = ZNGCustomFieldValue.h; sourceTree = "<group>"; };
		CE428E201BA8C9F6002C5BB1 /* ZNGCustomFieldValue.m */ = {isa = PBXFileReference; fileEncoding = 4; lastKnownFileType = sourcecode.c.objc; path = ZNGCustomFieldValue.m; sourceTree = "<group>"; };
		CE428E221BA915BB002C5BB1 /* ZNGServiceChannel.h */ = {isa = PBXFileReference; fileEncoding = 4; lastKnownFileType = sourcecode.c.h; path = ZNGServiceChannel.h; sourceTree = "<group>"; };
		CE428E231BA915BB002C5BB1 /* ZNGServiceChannel.m */ = {isa = PBXFileReference; fileEncoding = 4; lastKnownFileType = sourcecode.c.objc; path = ZNGServiceChannel.m; sourceTree = "<group>"; };
		CE428E251BA93C23002C5BB1 /* ZNGAvailablePhoneNumber.h */ = {isa = PBXFileReference; fileEncoding = 4; lastKnownFileType = sourcecode.c.h; path = ZNGAvailablePhoneNumber.h; sourceTree = "<group>"; };
		CE428E261BA93C23002C5BB1 /* ZNGAvailablePhoneNumber.m */ = {isa = PBXFileReference; fileEncoding = 4; lastKnownFileType = sourcecode.c.objc; path = ZNGAvailablePhoneNumber.m; sourceTree = "<group>"; };
		CE428E281BA93C46002C5BB1 /* ZNGAvailablePhoneNumberSearch.h */ = {isa = PBXFileReference; fileEncoding = 4; lastKnownFileType = sourcecode.c.h; path = ZNGAvailablePhoneNumberSearch.h; sourceTree = "<group>"; };
		CE428E291BA93C46002C5BB1 /* ZNGAvailablePhoneNumberSearch.m */ = {isa = PBXFileReference; fileEncoding = 4; lastKnownFileType = sourcecode.c.objc; path = ZNGAvailablePhoneNumberSearch.m; sourceTree = "<group>"; };
		CE428E2B1BA9C4AC002C5BB1 /* ZNGAccount.h */ = {isa = PBXFileReference; fileEncoding = 4; lastKnownFileType = sourcecode.c.h; path = ZNGAccount.h; sourceTree = "<group>"; };
		CE428E2C1BA9C4AC002C5BB1 /* ZNGAccount.m */ = {isa = PBXFileReference; fileEncoding = 4; lastKnownFileType = sourcecode.c.objc; path = ZNGAccount.m; sourceTree = "<group>"; };
		CE428E2E1BA9D1D9002C5BB1 /* ZNGAccountSearch.h */ = {isa = PBXFileReference; fileEncoding = 4; lastKnownFileType = sourcecode.c.h; path = ZNGAccountSearch.h; sourceTree = "<group>"; };
		CE428E2F1BA9D1D9002C5BB1 /* ZNGAccountSearch.m */ = {isa = PBXFileReference; fileEncoding = 4; lastKnownFileType = sourcecode.c.objc; path = ZNGAccountSearch.m; sourceTree = "<group>"; };
		CE428E441BAB132B002C5BB1 /* ZNGServiceSettingsSearch.h */ = {isa = PBXFileReference; fileEncoding = 4; lastKnownFileType = sourcecode.c.h; path = ZNGServiceSettingsSearch.h; sourceTree = "<group>"; };
		CE428E451BAB132B002C5BB1 /* ZNGServiceSettingsSearch.m */ = {isa = PBXFileReference; fileEncoding = 4; lastKnownFileType = sourcecode.c.objc; path = ZNGServiceSettingsSearch.m; sourceTree = "<group>"; };
		CE428E4A1BAB51E5002C5BB1 /* ZNGMessageCorrespondent.h */ = {isa = PBXFileReference; fileEncoding = 4; lastKnownFileType = sourcecode.c.h; path = ZNGMessageCorrespondent.h; sourceTree = "<group>"; };
		CE428E4B1BAB51E5002C5BB1 /* ZNGMessageCorrespondent.m */ = {isa = PBXFileReference; fileEncoding = 4; lastKnownFileType = sourcecode.c.objc; path = ZNGMessageCorrespondent.m; sourceTree = "<group>"; };
		CE428E4D1BAB5438002C5BB1 /* ZNGMessageAttachment.h */ = {isa = PBXFileReference; fileEncoding = 4; lastKnownFileType = sourcecode.c.h; path = ZNGMessageAttachment.h; sourceTree = "<group>"; };
		CE428E4E1BAB5438002C5BB1 /* ZNGMessageAttachment.m */ = {isa = PBXFileReference; fileEncoding = 4; lastKnownFileType = sourcecode.c.objc; path = ZNGMessageAttachment.m; sourceTree = "<group>"; };
		CE428E521BAC94EC002C5BB1 /* ZingleDAOResponse.h */ = {isa = PBXFileReference; fileEncoding = 4; lastKnownFileType = sourcecode.c.h; path = ZingleDAOResponse.h; sourceTree = "<group>"; };
		CE428E531BAC94EC002C5BB1 /* ZingleDAOResponse.m */ = {isa = PBXFileReference; fileEncoding = 4; lastKnownFileType = sourcecode.c.objc; path = ZingleDAOResponse.m; sourceTree = "<group>"; };
		CE5030E91BB180170087087E /* ZingleError.h */ = {isa = PBXFileReference; fileEncoding = 4; lastKnownFileType = sourcecode.c.h; path = ZingleError.h; sourceTree = "<group>"; };
		CE5030EA1BB180170087087E /* ZingleError.m */ = {isa = PBXFileReference; fileEncoding = 4; lastKnownFileType = sourcecode.c.objc; path = ZingleError.m; sourceTree = "<group>"; };
		CE5030EC1BB2CDE10087087E /* ZingleAsyncQuickStart.h */ = {isa = PBXFileReference; fileEncoding = 4; lastKnownFileType = sourcecode.c.h; path = ZingleAsyncQuickStart.h; sourceTree = "<group>"; };
		CE5030ED1BB2CDE10087087E /* ZingleAsyncQuickStart.m */ = {isa = PBXFileReference; fileEncoding = 4; lastKnownFileType = sourcecode.c.objc; path = ZingleAsyncQuickStart.m; sourceTree = "<group>"; };
		CE5030EF1BB2CDF40087087E /* ZingleSyncQuickStart.h */ = {isa = PBXFileReference; fileEncoding = 4; lastKnownFileType = sourcecode.c.h; path = ZingleSyncQuickStart.h; sourceTree = "<group>"; };
		CE5030F01BB2CDF40087087E /* ZingleSyncQuickStart.m */ = {isa = PBXFileReference; fileEncoding = 4; lastKnownFileType = sourcecode.c.objc; path = ZingleSyncQuickStart.m; sourceTree = "<group>"; };
		CE5030F31BC2A4FA0087087E /* ZNGMessageView.h */ = {isa = PBXFileReference; fileEncoding = 4; lastKnownFileType = sourcecode.c.h; path = ZNGMessageView.h; sourceTree = "<group>"; };
		CE5030F41BC2A4FA0087087E /* ZNGMessageView.m */ = {isa = PBXFileReference; fileEncoding = 4; lastKnownFileType = sourcecode.c.objc; path = ZNGMessageView.m; sourceTree = "<group>"; };
		CE5030F91BC2A6AE0087087E /* ZNGConversationViewController.h */ = {isa = PBXFileReference; fileEncoding = 4; lastKnownFileType = sourcecode.c.h; path = ZNGConversationViewController.h; sourceTree = "<group>"; };
		CE5030FA1BC2A6AE0087087E /* ZNGConversationViewController.m */ = {isa = PBXFileReference; fileEncoding = 4; lastKnownFileType = sourcecode.c.objc; path = ZNGConversationViewController.m; sourceTree = "<group>"; };
		CE5030FC1BC2D8DC0087087E /* ZNGArrowView.h */ = {isa = PBXFileReference; fileEncoding = 4; lastKnownFileType = sourcecode.c.h; path = ZNGArrowView.h; sourceTree = "<group>"; };
		CE5030FD1BC2D8DC0087087E /* ZNGArrowView.m */ = {isa = PBXFileReference; fileEncoding = 4; lastKnownFileType = sourcecode.c.objc; path = ZNGArrowView.m; sourceTree = "<group>"; };
		CED4DC1C1BCBEE070005D33E /* ZNGConversation.h */ = {isa = PBXFileReference; fileEncoding = 4; lastKnownFileType = sourcecode.c.h; path = ZNGConversation.h; sourceTree = "<group>"; };
		CED4DC1D1BCBEE070005D33E /* ZNGConversation.m */ = {isa = PBXFileReference; fileEncoding = 4; lastKnownFileType = sourcecode.c.objc; path = ZNGConversation.m; sourceTree = "<group>"; };
		CED4DC1F1BD91F3D0005D33E /* ZNGChannel.h */ = {isa = PBXFileReference; fileEncoding = 4; lastKnownFileType = sourcecode.c.h; path = ZNGChannel.h; sourceTree = "<group>"; };
		CED4DC201BD91F3D0005D33E /* ZNGChannel.m */ = {isa = PBXFileReference; fileEncoding = 4; lastKnownFileType = sourcecode.c.objc; path = ZNGChannel.m; sourceTree = "<group>"; };
/* End PBXFileReference section */

/* Begin PBXFrameworksBuildPhase section */
		CE1F3D271BA76B460076518A /* Frameworks */ = {
			isa = PBXFrameworksBuildPhase;
			buildActionMask = 2147483647;
			files = (
			);
			runOnlyForDeploymentPostprocessing = 0;
		};
		CE1F3D401BA76B460076518A /* Frameworks */ = {
			isa = PBXFrameworksBuildPhase;
			buildActionMask = 2147483647;
			files = (
			);
			runOnlyForDeploymentPostprocessing = 0;
		};
/* End PBXFrameworksBuildPhase section */

/* Begin PBXGroup section */
		CE1F3D211BA76B460076518A = {
			isa = PBXGroup;
			children = (
				CE1F3D2C1BA76B460076518A /* ZingleSDK */,
				CE1F3D461BA76B460076518A /* ZingleSDKTests */,
				CE1F3D2B1BA76B460076518A /* Products */,
			);
			sourceTree = "<group>";
		};
		CE1F3D2B1BA76B460076518A /* Products */ = {
			isa = PBXGroup;
			children = (
				CE1F3D2A1BA76B460076518A /* ZingleSDK.app */,
				CE1F3D431BA76B460076518A /* ZingleSDKTests.xctest */,
			);
			name = Products;
			sourceTree = "<group>";
		};
		CE1F3D2C1BA76B460076518A /* ZingleSDK */ = {
			isa = PBXGroup;
			children = (
				CE1F3D531BA76B6B0076518A /* Code */,
				CE1F3D311BA76B460076518A /* AppDelegate.h */,
				CE1F3D321BA76B460076518A /* AppDelegate.m */,
				CE1F3D341BA76B460076518A /* ViewController.h */,
				CE1F3D351BA76B460076518A /* ViewController.m */,
				CE5030EC1BB2CDE10087087E /* ZingleAsyncQuickStart.h */,
				CE5030ED1BB2CDE10087087E /* ZingleAsyncQuickStart.m */,
				CE5030EF1BB2CDF40087087E /* ZingleSyncQuickStart.h */,
				CE5030F01BB2CDF40087087E /* ZingleSyncQuickStart.m */,
				CE1F3D371BA76B460076518A /* Main.storyboard */,
				CE1F3D3A1BA76B460076518A /* Images.xcassets */,
				CE1F3D3C1BA76B460076518A /* LaunchScreen.xib */,
				CE1F3D2D1BA76B460076518A /* Supporting Files */,
			);
			path = ZingleSDK;
			sourceTree = "<group>";
		};
		CE1F3D2D1BA76B460076518A /* Supporting Files */ = {
			isa = PBXGroup;
			children = (
				CE1F3D2E1BA76B460076518A /* Info.plist */,
				CE1F3D2F1BA76B460076518A /* main.m */,
			);
			name = "Supporting Files";
			sourceTree = "<group>";
		};
		CE1F3D461BA76B460076518A /* ZingleSDKTests */ = {
			isa = PBXGroup;
			children = (
				CE1F3D491BA76B460076518A /* ZingleSDKTests.m */,
				CE1F3D471BA76B460076518A /* Supporting Files */,
			);
			path = ZingleSDKTests;
			sourceTree = "<group>";
		};
		CE1F3D471BA76B460076518A /* Supporting Files */ = {
			isa = PBXGroup;
			children = (
				CE1F3D481BA76B460076518A /* Info.plist */,
			);
			name = "Supporting Files";
			sourceTree = "<group>";
		};
		CE1F3D531BA76B6B0076518A /* Code */ = {
			isa = PBXGroup;
			children = (
				CE1F3D821BA786A80076518A /* JSON */,
				CE1F3D5A1BA76BD10076518A /* Models */,
				CE5030F21BC2A4E50087087E /* Views */,
				CE1F3D541BA76BBC0076518A /* ZingleSDK.h */,
				CE1F3D551BA76BBC0076518A /* ZingleSDK.m */,
				CE1F3D571BA76BCB0076518A /* ZingleDAO.h */,
				CE1F3D581BA76BCB0076518A /* ZingleDAO.m */,
				CE428E521BAC94EC002C5BB1 /* ZingleDAOResponse.h */,
				CE428E531BAC94EC002C5BB1 /* ZingleDAOResponse.m */,
				CE5030E91BB180170087087E /* ZingleError.h */,
				CE5030EA1BB180170087087E /* ZingleError.m */,
			);
			name = Code;
			sourceTree = "<group>";
		};
		CE1F3D5A1BA76BD10076518A /* Models */ = {
			isa = PBXGroup;
			children = (
				CE428DFD1BA89B7D002C5BB1 /* Search */,
				CE428E2B1BA9C4AC002C5BB1 /* ZNGAccount.h */,
				CE428E2C1BA9C4AC002C5BB1 /* ZNGAccount.m */,
				CE1F3D5B1BA76BE90076518A /* ZNGService.h */,
				CE1F3D5C1BA76BE90076518A /* ZNGService.m */,
				CE428E251BA93C23002C5BB1 /* ZNGAvailablePhoneNumber.h */,
				CE428E261BA93C23002C5BB1 /* ZNGAvailablePhoneNumber.m */,
				CE428DF71BA88D5A002C5BB1 /* ZNGAddress.h */,
				CE428DF81BA88D5A002C5BB1 /* ZNGAddress.m */,
				CE1F3D5E1BA76BF30076518A /* ZNGLabel.h */,
				CE1F3D5F1BA76BF30076518A /* ZNGLabel.m */,
				CE1F3D611BA76BFB0076518A /* ZNGMessage.h */,
				CE1F3D621BA76BFB0076518A /* ZNGMessage.m */,
				CE428E4A1BAB51E5002C5BB1 /* ZNGMessageCorrespondent.h */,
				CE428E4B1BAB51E5002C5BB1 /* ZNGMessageCorrespondent.m */,
				CE428E4D1BAB5438002C5BB1 /* ZNGMessageAttachment.h */,
				CE428E4E1BAB5438002C5BB1 /* ZNGMessageAttachment.m */,
				CED4DC1C1BCBEE070005D33E /* ZNGConversation.h */,
				CED4DC1D1BCBEE070005D33E /* ZNGConversation.m */,
				CED4DC1F1BD91F3D0005D33E /* ZNGChannel.h */,
				CED4DC201BD91F3D0005D33E /* ZNGChannel.m */,
				CE1F3D671BA76C290076518A /* ZNGContactChannel.h */,
				CE1F3D681BA76C290076518A /* ZNGContactChannel.m */,
				CE428E221BA915BB002C5BB1 /* ZNGServiceChannel.h */,
				CE428E231BA915BB002C5BB1 /* ZNGServiceChannel.m */,
				CE428E191BA8AADB002C5BB1 /* ZNGChannelType.h */,
				CE428E1A1BA8AADB002C5BB1 /* ZNGChannelType.m */,
				CE1F3D6A1BA76C320076518A /* ZNGContact.h */,
				CE1F3D6B1BA76C320076518A /* ZNGContact.m */,
				CE1F3D731BA76CE00076518A /* ZNGPlan.h */,
				CE1F3D741BA76CE00076518A /* ZNGPlan.m */,
				CE1F3D761BA76CFB0076518A /* ZNGAutomation.h */,
				CE1F3D771BA76CFB0076518A /* ZNGAutomation.m */,
				CE1F3D791BA76D0C0076518A /* ZNGCustomField.h */,
				CE1F3D7A1BA76D0C0076518A /* ZNGCustomField.m */,
				CE428E1C1BA8B032002C5BB1 /* ZNGCustomFieldOption.h */,
				CE428E1D1BA8B032002C5BB1 /* ZNGCustomFieldOption.m */,
				CE428E1F1BA8C9F6002C5BB1 /* ZNGCustomFieldValue.h */,
				CE428E201BA8C9F6002C5BB1 /* ZNGCustomFieldValue.m */,
				CE1F3D6D1BA76C3B0076518A /* ZingleModel.h */,
				CE1F3D6E1BA76C3B0076518A /* ZingleModel.m */,
			);
			name = Models;
			sourceTree = "<group>";
		};
		CE1F3D821BA786A80076518A /* JSON */ = {
			isa = PBXGroup;
			children = (
				CE1F3D831BA786BD0076518A /* CJSONDeserializer.h */,
				CE1F3D841BA786BD0076518A /* CJSONDeserializer.m */,
				CE1F3D851BA786BD0076518A /* CJSONSerializer.h */,
				CE1F3D861BA786BD0076518A /* CJSONSerializer.m */,
				CE1F3D871BA786BD0076518A /* JSONRepresentation.h */,
				CE1F3D881BA786BD0076518A /* NSDictionary_JSONExtensions.h */,
				CE1F3D891BA786BD0076518A /* NSDictionary_JSONExtensions.m */,
				CE1F3D8A1BA786BD0076518A /* NSMutableDictionary+json.h */,
				CE1F3D8B1BA786BD0076518A /* NSMutableDictionary+json.m */,
			);
			name = JSON;
			sourceTree = "<group>";
		};
		CE428DFD1BA89B7D002C5BB1 /* Search */ = {
			isa = PBXGroup;
			children = (
				CE1F3D931BA79D460076518A /* ZingleModelSearch.h */,
				CE1F3D941BA79D460076518A /* ZingleModelSearch.m */,
				CE428E551BAC9AEC002C5BB1 /* SearchModels */,
			);
			name = Search;
			sourceTree = "<group>";
		};
		CE428E551BAC9AEC002C5BB1 /* SearchModels */ = {
			isa = PBXGroup;
			children = (
				CE428E281BA93C46002C5BB1 /* ZNGAvailablePhoneNumberSearch.h */,
				CE428E291BA93C46002C5BB1 /* ZNGAvailablePhoneNumberSearch.m */,
				CE428E2E1BA9D1D9002C5BB1 /* ZNGAccountSearch.h */,
				CE428E2F1BA9D1D9002C5BB1 /* ZNGAccountSearch.m */,
				CE1F3D961BA7A8570076518A /* ZNGServiceSearch.h */,
				CE1F3D971BA7A8570076518A /* ZNGServiceSearch.m */,
				CE428DF11BA86CCB002C5BB1 /* ZNGPlanSearch.h */,
				CE428DF21BA86CCB002C5BB1 /* ZNGPlanSearch.m */,
				CE428DF41BA86CD8002C5BB1 /* ZNGTimeZoneSearch.h */,
				CE428DF51BA86CD8002C5BB1 /* ZNGTimeZoneSearch.m */,
				CE428E441BAB132B002C5BB1 /* ZNGServiceSettingsSearch.h */,
				CE428E451BAB132B002C5BB1 /* ZNGServiceSettingsSearch.m */,
				CE428E011BA89C30002C5BB1 /* ZNGLabelSearch.h */,
				CE428E021BA89C30002C5BB1 /* ZNGLabelSearch.m */,
				CE428E071BA89C65002C5BB1 /* ZNGContactSearch.h */,
				CE428E081BA89C65002C5BB1 /* ZNGContactSearch.m */,
				CE428E0A1BA89C75002C5BB1 /* ZNGContactCustomFieldSearch.h */,
				CE428E0B1BA89C75002C5BB1 /* ZNGContactCustomFieldSearch.m */,
				CE428E0D1BA89C83002C5BB1 /* ZNGMessageSearch.h */,
				CE428E0E1BA89C83002C5BB1 /* ZNGMessageSearch.m */,
				CE428E101BA89C91002C5BB1 /* ZNGAutomationSearch.h */,
				CE428E111BA89C91002C5BB1 /* ZNGAutomationSearch.m */,
				CE428E131BA89CA9002C5BB1 /* ZNGWebServiceLogSearch.h */,
				CE428E141BA89CA9002C5BB1 /* ZNGWebServiceLogSearch.m */,
			);
			name = SearchModels;
			sourceTree = "<group>";
		};
		CE5030F21BC2A4E50087087E /* Views */ = {
			isa = PBXGroup;
			children = (
				CE5030FC1BC2D8DC0087087E /* ZNGArrowView.h */,
				CE5030FD1BC2D8DC0087087E /* ZNGArrowView.m */,
				CE5030F31BC2A4FA0087087E /* ZNGMessageView.h */,
				CE5030F41BC2A4FA0087087E /* ZNGMessageView.m */,
				CE5030F91BC2A6AE0087087E /* ZNGConversationViewController.h */,
				CE5030FA1BC2A6AE0087087E /* ZNGConversationViewController.m */,
			);
			name = Views;
			sourceTree = "<group>";
		};
/* End PBXGroup section */

/* Begin PBXNativeTarget section */
		CE1F3D291BA76B460076518A /* ZingleSDK */ = {
			isa = PBXNativeTarget;
			buildConfigurationList = CE1F3D4D1BA76B460076518A /* Build configuration list for PBXNativeTarget "ZingleSDK" */;
			buildPhases = (
				CE1F3D261BA76B460076518A /* Sources */,
				CE1F3D271BA76B460076518A /* Frameworks */,
				CE1F3D281BA76B460076518A /* Resources */,
			);
			buildRules = (
			);
			dependencies = (
			);
			name = ZingleSDK;
			productName = ZingleSDK;
			productReference = CE1F3D2A1BA76B460076518A /* ZingleSDK.app */;
			productType = "com.apple.product-type.application";
		};
		CE1F3D421BA76B460076518A /* ZingleSDKTests */ = {
			isa = PBXNativeTarget;
			buildConfigurationList = CE1F3D501BA76B460076518A /* Build configuration list for PBXNativeTarget "ZingleSDKTests" */;
			buildPhases = (
				CE1F3D3F1BA76B460076518A /* Sources */,
				CE1F3D401BA76B460076518A /* Frameworks */,
				CE1F3D411BA76B460076518A /* Resources */,
			);
			buildRules = (
			);
			dependencies = (
				CE1F3D451BA76B460076518A /* PBXTargetDependency */,
			);
			name = ZingleSDKTests;
			productName = ZingleSDKTests;
			productReference = CE1F3D431BA76B460076518A /* ZingleSDKTests.xctest */;
			productType = "com.apple.product-type.bundle.unit-test";
		};
/* End PBXNativeTarget section */

/* Begin PBXProject section */
		CE1F3D221BA76B460076518A /* Project object */ = {
			isa = PBXProject;
			attributes = {
				LastUpgradeCheck = 0700;
				ORGANIZATIONNAME = Zingle.me;
				TargetAttributes = {
					CE1F3D291BA76B460076518A = {
						CreatedOnToolsVersion = 6.4;
					};
					CE1F3D421BA76B460076518A = {
						CreatedOnToolsVersion = 6.4;
						TestTargetID = CE1F3D291BA76B460076518A;
					};
				};
			};
			buildConfigurationList = CE1F3D251BA76B460076518A /* Build configuration list for PBXProject "ZingleSDK" */;
			compatibilityVersion = "Xcode 3.2";
			developmentRegion = English;
			hasScannedForEncodings = 0;
			knownRegions = (
				en,
				Base,
			);
			mainGroup = CE1F3D211BA76B460076518A;
			productRefGroup = CE1F3D2B1BA76B460076518A /* Products */;
			projectDirPath = "";
			projectRoot = "";
			targets = (
				CE1F3D291BA76B460076518A /* ZingleSDK */,
				CE1F3D421BA76B460076518A /* ZingleSDKTests */,
			);
		};
/* End PBXProject section */

/* Begin PBXResourcesBuildPhase section */
		CE1F3D281BA76B460076518A /* Resources */ = {
			isa = PBXResourcesBuildPhase;
			buildActionMask = 2147483647;
			files = (
				CE1F3D391BA76B460076518A /* Main.storyboard in Resources */,
				CE1F3D3E1BA76B460076518A /* LaunchScreen.xib in Resources */,
				CE1F3D3B1BA76B460076518A /* Images.xcassets in Resources */,
			);
			runOnlyForDeploymentPostprocessing = 0;
		};
		CE1F3D411BA76B460076518A /* Resources */ = {
			isa = PBXResourcesBuildPhase;
			buildActionMask = 2147483647;
			files = (
			);
			runOnlyForDeploymentPostprocessing = 0;
		};
/* End PBXResourcesBuildPhase section */

/* Begin PBXSourcesBuildPhase section */
		CE1F3D261BA76B460076518A /* Sources */ = {
			isa = PBXSourcesBuildPhase;
			buildActionMask = 2147483647;
			files = (
				CE5030EE1BB2CDE10087087E /* ZingleAsyncQuickStart.m in Sources */,
				CE1F3D691BA76C290076518A /* ZNGContactChannel.m in Sources */,
				CE1F3D631BA76BFB0076518A /* ZNGMessage.m in Sources */,
				CE5030FE1BC2D8DC0087087E /* ZNGArrowView.m in Sources */,
				CE1F3D601BA76BF30076518A /* ZNGLabel.m in Sources */,
				CE5030FB1BC2A6AE0087087E /* ZNGConversationViewController.m in Sources */,
				CED4DC1E1BCBEE070005D33E /* ZNGConversation.m in Sources */,
				CE428DF31BA86CCB002C5BB1 /* ZNGPlanSearch.m in Sources */,
				CE1F3D8D1BA786BD0076518A /* CJSONSerializer.m in Sources */,
				CE428DF61BA86CD8002C5BB1 /* ZNGTimeZoneSearch.m in Sources */,
				CE1F3D5D1BA76BE90076518A /* ZNGService.m in Sources */,
				CE1F3D361BA76B460076518A /* ViewController.m in Sources */,
				CE428E301BA9D1D9002C5BB1 /* ZNGAccountSearch.m in Sources */,
				CE428E121BA89C91002C5BB1 /* ZNGAutomationSearch.m in Sources */,
				CE428E461BAB132B002C5BB1 /* ZNGServiceSettingsSearch.m in Sources */,
				CE428E271BA93C23002C5BB1 /* ZNGAvailablePhoneNumber.m in Sources */,
				CE1F3D6C1BA76C320076518A /* ZNGContact.m in Sources */,
				CE428DF91BA88D5A002C5BB1 /* ZNGAddress.m in Sources */,
				CE428E4C1BAB51E5002C5BB1 /* ZNGMessageCorrespondent.m in Sources */,
				CE1F3D7B1BA76D0C0076518A /* ZNGCustomField.m in Sources */,
				CE1F3D591BA76BCB0076518A /* ZingleDAO.m in Sources */,
				CE428E0C1BA89C75002C5BB1 /* ZNGContactCustomFieldSearch.m in Sources */,
				CE1F3D561BA76BBC0076518A /* ZingleSDK.m in Sources */,
				CE428E031BA89C30002C5BB1 /* ZNGLabelSearch.m in Sources */,
				CE1F3D951BA79D460076518A /* ZingleModelSearch.m in Sources */,
				CE1F3D8E1BA786BD0076518A /* NSDictionary_JSONExtensions.m in Sources */,
				CE428E541BAC94EC002C5BB1 /* ZingleDAOResponse.m in Sources */,
				CE1F3D981BA7A8570076518A /* ZNGServiceSearch.m in Sources */,
				CE1F3D331BA76B460076518A /* AppDelegate.m in Sources */,
				CE428E241BA915BB002C5BB1 /* ZNGServiceChannel.m in Sources */,
				CE428E091BA89C65002C5BB1 /* ZNGContactSearch.m in Sources */,
				CED4DC211BD91F3D0005D33E /* ZNGChannel.m in Sources */,
				CE428E151BA89CA9002C5BB1 /* ZNGWebServiceLogSearch.m in Sources */,
				CE1F3D781BA76CFB0076518A /* ZNGAutomation.m in Sources */,
				CE5030F11BB2CDF40087087E /* ZingleSyncQuickStart.m in Sources */,
				CE428E1E1BA8B032002C5BB1 /* ZNGCustomFieldOption.m in Sources */,
				CE1F3D301BA76B460076518A /* main.m in Sources */,
				CE428E0F1BA89C83002C5BB1 /* ZNGMessageSearch.m in Sources */,
				CE5030EB1BB180170087087E /* ZingleError.m in Sources */,
				CE1F3D8F1BA786BD0076518A /* NSMutableDictionary+json.m in Sources */,
				CE5030F71BC2A4FA0087087E /* ZNGMessageView.m in Sources */,
				CE428E211BA8C9F6002C5BB1 /* ZNGCustomFieldValue.m in Sources */,
				CE1F3D6F1BA76C3B0076518A /* ZingleModel.m in Sources */,
				CE428E2A1BA93C46002C5BB1 /* ZNGAvailablePhoneNumberSearch.m in Sources */,
				CE1F3D751BA76CE00076518A /* ZNGPlan.m in Sources */,
				CE428E4F1BAB5438002C5BB1 /* ZNGMessageAttachment.m in Sources */,
				CE428E1B1BA8AADB002C5BB1 /* ZNGChannelType.m in Sources */,
				CE1F3D8C1BA786BD0076518A /* CJSONDeserializer.m in Sources */,
				CE428E2D1BA9C4AC002C5BB1 /* ZNGAccount.m in Sources */,
			);
			runOnlyForDeploymentPostprocessing = 0;
		};
		CE1F3D3F1BA76B460076518A /* Sources */ = {
			isa = PBXSourcesBuildPhase;
			buildActionMask = 2147483647;
			files = (
				CE1F3D4A1BA76B460076518A /* ZingleSDKTests.m in Sources */,
			);
			runOnlyForDeploymentPostprocessing = 0;
		};
/* End PBXSourcesBuildPhase section */

/* Begin PBXTargetDependency section */
		CE1F3D451BA76B460076518A /* PBXTargetDependency */ = {
			isa = PBXTargetDependency;
			target = CE1F3D291BA76B460076518A /* ZingleSDK */;
			targetProxy = CE1F3D441BA76B460076518A /* PBXContainerItemProxy */;
		};
/* End PBXTargetDependency section */

/* Begin PBXVariantGroup section */
		CE1F3D371BA76B460076518A /* Main.storyboard */ = {
			isa = PBXVariantGroup;
			children = (
				CE1F3D381BA76B460076518A /* Base */,
			);
			name = Main.storyboard;
			sourceTree = "<group>";
		};
		CE1F3D3C1BA76B460076518A /* LaunchScreen.xib */ = {
			isa = PBXVariantGroup;
			children = (
				CE1F3D3D1BA76B460076518A /* Base */,
			);
			name = LaunchScreen.xib;
			sourceTree = "<group>";
		};
/* End PBXVariantGroup section */

/* Begin XCBuildConfiguration section */
		CE1F3D4B1BA76B460076518A /* Debug */ = {
			isa = XCBuildConfiguration;
			buildSettings = {
				ALWAYS_SEARCH_USER_PATHS = NO;
				CLANG_CXX_LANGUAGE_STANDARD = "gnu++0x";
				CLANG_CXX_LIBRARY = "libc++";
				CLANG_ENABLE_MODULES = YES;
				CLANG_ENABLE_OBJC_ARC = YES;
				CLANG_WARN_BOOL_CONVERSION = YES;
				CLANG_WARN_CONSTANT_CONVERSION = YES;
				CLANG_WARN_DIRECT_OBJC_ISA_USAGE = YES_ERROR;
				CLANG_WARN_EMPTY_BODY = YES;
				CLANG_WARN_ENUM_CONVERSION = YES;
				CLANG_WARN_INT_CONVERSION = YES;
				CLANG_WARN_OBJC_ROOT_CLASS = YES_ERROR;
				CLANG_WARN_UNREACHABLE_CODE = YES;
				CLANG_WARN__DUPLICATE_METHOD_MATCH = YES;
				"CODE_SIGN_IDENTITY[sdk=iphoneos*]" = "iPhone Developer";
				COPY_PHASE_STRIP = NO;
				DEBUG_INFORMATION_FORMAT = "dwarf-with-dsym";
				DEFINES_MODULE = YES;
				ENABLE_STRICT_OBJC_MSGSEND = YES;
				ENABLE_TESTABILITY = YES;
				GCC_C_LANGUAGE_STANDARD = gnu99;
				GCC_DYNAMIC_NO_PIC = NO;
				GCC_NO_COMMON_BLOCKS = YES;
				GCC_OPTIMIZATION_LEVEL = 0;
				GCC_PREPROCESSOR_DEFINITIONS = (
					"DEBUG=1",
					"$(inherited)",
				);
				GCC_SYMBOLS_PRIVATE_EXTERN = NO;
				GCC_WARN_64_TO_32_BIT_CONVERSION = YES;
				GCC_WARN_ABOUT_RETURN_TYPE = YES_ERROR;
				GCC_WARN_UNDECLARED_SELECTOR = YES;
				GCC_WARN_UNINITIALIZED_AUTOS = YES_AGGRESSIVE;
				GCC_WARN_UNUSED_FUNCTION = YES;
				GCC_WARN_UNUSED_VARIABLE = YES;
				IPHONEOS_DEPLOYMENT_TARGET = 8.0;
				MTL_ENABLE_DEBUG_INFO = YES;
				ONLY_ACTIVE_ARCH = YES;
				PRODUCT_MODULE_NAME = ZingleSDK;
				SDKROOT = iphoneos;
				TARGETED_DEVICE_FAMILY = "1,2";
			};
			name = Debug;
		};
		CE1F3D4C1BA76B460076518A /* Release */ = {
			isa = XCBuildConfiguration;
			buildSettings = {
				ALWAYS_SEARCH_USER_PATHS = NO;
				CLANG_CXX_LANGUAGE_STANDARD = "gnu++0x";
				CLANG_CXX_LIBRARY = "libc++";
				CLANG_ENABLE_MODULES = YES;
				CLANG_ENABLE_OBJC_ARC = YES;
				CLANG_WARN_BOOL_CONVERSION = YES;
				CLANG_WARN_CONSTANT_CONVERSION = YES;
				CLANG_WARN_DIRECT_OBJC_ISA_USAGE = YES_ERROR;
				CLANG_WARN_EMPTY_BODY = YES;
				CLANG_WARN_ENUM_CONVERSION = YES;
				CLANG_WARN_INT_CONVERSION = YES;
				CLANG_WARN_OBJC_ROOT_CLASS = YES_ERROR;
				CLANG_WARN_UNREACHABLE_CODE = YES;
				CLANG_WARN__DUPLICATE_METHOD_MATCH = YES;
				"CODE_SIGN_IDENTITY[sdk=iphoneos*]" = "iPhone Developer";
				COPY_PHASE_STRIP = NO;
				DEBUG_INFORMATION_FORMAT = "dwarf-with-dsym";
				DEFINES_MODULE = YES;
				ENABLE_NS_ASSERTIONS = NO;
				ENABLE_STRICT_OBJC_MSGSEND = YES;
				GCC_C_LANGUAGE_STANDARD = gnu99;
				GCC_NO_COMMON_BLOCKS = YES;
				GCC_WARN_64_TO_32_BIT_CONVERSION = YES;
				GCC_WARN_ABOUT_RETURN_TYPE = YES_ERROR;
				GCC_WARN_UNDECLARED_SELECTOR = YES;
				GCC_WARN_UNINITIALIZED_AUTOS = YES_AGGRESSIVE;
				GCC_WARN_UNUSED_FUNCTION = YES;
				GCC_WARN_UNUSED_VARIABLE = YES;
				IPHONEOS_DEPLOYMENT_TARGET = 8.0;
				MTL_ENABLE_DEBUG_INFO = NO;
				PRODUCT_MODULE_NAME = ZingleSDK;
				SDKROOT = iphoneos;
				TARGETED_DEVICE_FAMILY = "1,2";
				VALIDATE_PRODUCT = YES;
			};
			name = Release;
		};
		CE1F3D4E1BA76B460076518A /* Debug */ = {
			isa = XCBuildConfiguration;
			buildSettings = {
				ASSETCATALOG_COMPILER_APPICON_NAME = AppIcon;
				CLANG_ENABLE_MODULES = YES;
				INFOPLIST_FILE = ZingleSDK/Info.plist;
				IPHONEOS_DEPLOYMENT_TARGET = 8.0;
				LD_RUNPATH_SEARCH_PATHS = "$(inherited) @executable_path/Frameworks";
				PRODUCT_BUNDLE_IDENTIFIER = "me.zingle.$(PRODUCT_NAME:rfc1034identifier)";
				PRODUCT_MODULE_NAME = ZingleSDK;
				PRODUCT_NAME = "$(TARGET_NAME)";
				SWIFT_OBJC_BRIDGING_HEADER = "ZingleSDK/ZingleSDK-Bridging-Header.h";
				SWIFT_OPTIMIZATION_LEVEL = "-Onone";
			};
			name = Debug;
		};
		CE1F3D4F1BA76B460076518A /* Release */ = {
			isa = XCBuildConfiguration;
			buildSettings = {
				ASSETCATALOG_COMPILER_APPICON_NAME = AppIcon;
				CLANG_ENABLE_MODULES = YES;
				INFOPLIST_FILE = ZingleSDK/Info.plist;
				IPHONEOS_DEPLOYMENT_TARGET = 8.0;
				LD_RUNPATH_SEARCH_PATHS = "$(inherited) @executable_path/Frameworks";
				PRODUCT_BUNDLE_IDENTIFIER = "me.zingle.$(PRODUCT_NAME:rfc1034identifier)";
				PRODUCT_MODULE_NAME = ZingleSDK;
				PRODUCT_NAME = "$(TARGET_NAME)";
				SWIFT_OBJC_BRIDGING_HEADER = "ZingleSDK/ZingleSDK-Bridging-Header.h";
			};
			name = Release;
		};
		CE1F3D511BA76B460076518A /* Debug */ = {
			isa = XCBuildConfiguration;
			buildSettings = {
				BUNDLE_LOADER = "$(TEST_HOST)";
				FRAMEWORK_SEARCH_PATHS = (
					"$(SDKROOT)/Developer/Library/Frameworks",
					"$(inherited)",
				);
				GCC_PREPROCESSOR_DEFINITIONS = (
					"DEBUG=1",
					"$(inherited)",
				);
				INFOPLIST_FILE = ZingleSDKTests/Info.plist;
				LD_RUNPATH_SEARCH_PATHS = "$(inherited) @executable_path/Frameworks @loader_path/Frameworks";
				PRODUCT_BUNDLE_IDENTIFIER = "me.zingle.$(PRODUCT_NAME:rfc1034identifier)";
				PRODUCT_NAME = "$(TARGET_NAME)";
				TEST_HOST = "$(BUILT_PRODUCTS_DIR)/ZingleSDK.app/ZingleSDK";
			};
			name = Debug;
		};
		CE1F3D521BA76B460076518A /* Release */ = {
			isa = XCBuildConfiguration;
			buildSettings = {
				BUNDLE_LOADER = "$(TEST_HOST)";
				FRAMEWORK_SEARCH_PATHS = (
					"$(SDKROOT)/Developer/Library/Frameworks",
					"$(inherited)",
				);
				INFOPLIST_FILE = ZingleSDKTests/Info.plist;
				LD_RUNPATH_SEARCH_PATHS = "$(inherited) @executable_path/Frameworks @loader_path/Frameworks";
				PRODUCT_BUNDLE_IDENTIFIER = "me.zingle.$(PRODUCT_NAME:rfc1034identifier)";
				PRODUCT_NAME = "$(TARGET_NAME)";
				TEST_HOST = "$(BUILT_PRODUCTS_DIR)/ZingleSDK.app/ZingleSDK";
			};
			name = Release;
		};
/* End XCBuildConfiguration section */

/* Begin XCConfigurationList section */
		CE1F3D251BA76B460076518A /* Build configuration list for PBXProject "ZingleSDK" */ = {
			isa = XCConfigurationList;
			buildConfigurations = (
				CE1F3D4B1BA76B460076518A /* Debug */,
				CE1F3D4C1BA76B460076518A /* Release */,
			);
			defaultConfigurationIsVisible = 0;
			defaultConfigurationName = Release;
		};
		CE1F3D4D1BA76B460076518A /* Build configuration list for PBXNativeTarget "ZingleSDK" */ = {
			isa = XCConfigurationList;
			buildConfigurations = (
				CE1F3D4E1BA76B460076518A /* Debug */,
				CE1F3D4F1BA76B460076518A /* Release */,
			);
			defaultConfigurationIsVisible = 0;
			defaultConfigurationName = Release;
		};
		CE1F3D501BA76B460076518A /* Build configuration list for PBXNativeTarget "ZingleSDKTests" */ = {
			isa = XCConfigurationList;
			buildConfigurations = (
				CE1F3D511BA76B460076518A /* Debug */,
				CE1F3D521BA76B460076518A /* Release */,
			);
			defaultConfigurationIsVisible = 0;
			defaultConfigurationName = Release;
		};
/* End XCConfigurationList section */
	};
	rootObject = CE1F3D221BA76B460076518A /* Project object */;
}
